PODS:
  - Amplitude-iOS (4.2.0)
  - Bolts (1.9.0):
    - Bolts/AppLinks (= 1.9.0)
    - Bolts/Tasks (= 1.9.0)
  - Bolts/AppLinks (1.9.0):
    - Bolts/Tasks
  - Bolts/Tasks (1.9.0)
  - Crashlytics (3.10.1):
    - Fabric (~> 1.7.5)
  - Fabric (1.7.6)
  - FacebookCore (0.3.0):
    - Bolts (~> 1.8)
    - FBSDKCoreKit (~> 4.27)
  - Fakery (3.3.0)
  - FBSDKCoreKit (4.33.0):
    - Bolts (~> 1.7)
  - Flurry-iOS-SDK/FlurrySDK (8.6.0)
  - Google-Mobile-Ads-SDK (7.30.0)
  - iRate (1.12.2)
  - Onboard (2.3.3)
  - SimulatorStatusMagic (2.1)
  - Siren (3.4.0)
  - SwiftLint (0.25.1)
  - SwiftRandom (1.0.0)
  - SwiftyBeaver (1.5.2)
  - SwiftySound (1.0.0)

DEPENDENCIES:
  - Amplitude-iOS
  - Crashlytics
  - Fabric
  - FacebookCore
  - Fakery
  - Flurry-iOS-SDK/FlurrySDK
  - Google-Mobile-Ads-SDK
  - iRate
  - Onboard
  - SimulatorStatusMagic
  - Siren
  - SwiftLint
  - SwiftRandom
  - SwiftyBeaver
  - SwiftySound

SPEC CHECKSUMS:
  Amplitude-iOS: 45f10ac763db6f9ddfa06f2e4d63ed5f8d3c7bf6
  Bolts: ac6567323eac61e203f6a9763667d0f711be34c8
  Crashlytics: aee1a064cbbf99b32efa3f056a5f458d846bc8ff
  Fabric: f8d42c893bb187326a7968b62abe55c36a987a46
  FacebookCore: 3ffa190a3f1f96cec0e44d3fc221bc322c595ffa
  Fakery: 3aae11a87721c807c18c6456500d088c1230d3e5
  FBSDKCoreKit: 572b047a7e029bc44542bcf8a59414e7ff2b543e
  Flurry-iOS-SDK: 7ffff02e583c73f7cad41cffb4ffe8b8d9f0421f
  Google-Mobile-Ads-SDK: 7404f68120ae8682afeb5af001fbf4aad731c78e
  iRate: 4fc69958788624545e5d050c8ffd20884013c3f1
  Onboard: 4d6e943e20bdd6bc229df967a347dd7514bc2a6f
  SimulatorStatusMagic: 481558caf2b9ccb2ceba2cc193728d4db3dcac07
  Siren: 5b8be41b5cd05aa3528303325966e919bd53e412
  SwiftLint: ce933681be10c3266e82576dad676fa815a602e9
  SwiftRandom: 437275c63500ddf5a565cbd56996fb23f12cfc3d
  SwiftyBeaver: 85daaaa2b3ae6e31b7b55c99430e8b91dac088af
  SwiftySound: b9c3370956fd4ed65ed79d45563070077a50a2cd

PODFILE CHECKSUM: d6b7d2d9ddc924b8318f8d3a513b9c0cec3526a6

COCOAPODS: 1.4.0
