PODS:
  - Amplitude-iOS (4.10.0)
  - Crashlytics (3.14.0):
    - Fabric (~> 1.10.2)
  - Fabric (1.10.2)
  - FacebookCore (0.9.0):
    - FBSDKCoreKit (~> 5.0)
  - Fakery (4.1.1)
  - FBSDKCoreKit (5.15.1):
    - FBSDKCoreKit/Basics (= 5.15.1)
    - FBSDKCoreKit/Core (= 5.15.1)
  - FBSDKCoreKit/Basics (5.15.1)
  - FBSDKCoreKit/Core (5.15.1):
    - FBSDKCoreKit/Basics
  - Firebase (6.32.2):
    - Firebase/Core (= 6.32.2)
  - Firebase/Auth (6.32.2):
    - Firebase/CoreOnly
    - FirebaseAuth (~> 6.9.1)
  - Firebase/Core (6.32.2):
    - Firebase/CoreOnly
    - FirebaseAnalytics (= 6.8.2)
  - Firebase/CoreOnly (6.32.2):
    - FirebaseCore (= 6.10.2)
  - Firebase/Database (6.32.2):
    - Firebase/CoreOnly
    - FirebaseDatabase (~> 6.6.0)
  - FirebaseAnalytics (6.8.2):
    - FirebaseCore (~> 6.10)
    - FirebaseInstallations (~> 1.6)
    - GoogleAppMeasurement (= 6.8.2)
    - GoogleUtilities/AppDelegateSwizzler (~> 6.7)
    - GoogleUtilities/MethodSwizzler (~> 6.7)
    - GoogleUtilities/Network (~> 6.7)
    - "GoogleUtilities/NSData+zlib (~> 6.7)"
    - nanopb (~> 1.30906.0)
  - FirebaseAuth (6.9.1):
    - FirebaseCore (~> 6.10)
    - GoogleUtilities/AppDelegateSwizzler (~> 6.7)
    - GoogleUtilities/Environment (~> 6.7)
    - GTMSessionFetcher/Core (~> 1.1)
  - FirebaseCore (6.10.2):
    - FirebaseCoreDiagnostics (~> 1.6)
    - GoogleUtilities/Environment (~> 6.7)
    - GoogleUtilities/Logger (~> 6.7)
  - FirebaseCoreDiagnostics (1.6.0):
    - GoogleDataTransport (~> 7.2)
    - GoogleUtilities/Environment (~> 6.7)
    - GoogleUtilities/Logger (~> 6.7)
    - nanopb (~> 1.30906.0)
  - FirebaseDatabase (6.6.0):
    - FirebaseCore (~> 6.10)
    - leveldb-library (~> 1.22)
  - FirebaseInstallations (1.7.0):
    - FirebaseCore (~> 6.10)
    - GoogleUtilities/Environment (~> 6.7)
    - GoogleUtilities/UserDefaults (~> 6.7)
    - PromisesObjC (~> 1.2)
  - FLEX (2.4.0)
  - Flurry-iOS-SDK/FlurrySDK (11.1.0)
  - Google-Mobile-Ads-SDK (7.65.0):
    - GoogleAppMeasurement (~> 6.0)
    - GoogleUserMessagingPlatform (~> 1.1)
  - GoogleAppMeasurement (6.8.2):
    - GoogleUtilities/AppDelegateSwizzler (~> 6.7)
    - GoogleUtilities/MethodSwizzler (~> 6.7)
    - GoogleUtilities/Network (~> 6.7)
    - "GoogleUtilities/NSData+zlib (~> 6.7)"
    - nanopb (~> 1.30906.0)
  - GoogleDataTransport (7.3.0):
    - nanopb (~> 1.30906.0)
  - GoogleUserMessagingPlatform (1.2.0)
  - GoogleUtilities/AppDelegateSwizzler (6.7.2):
    - GoogleUtilities/Environment
    - GoogleUtilities/Logger
    - GoogleUtilities/Network
  - GoogleUtilities/Environment (6.7.2):
    - PromisesObjC (~> 1.2)
  - GoogleUtilities/Logger (6.7.2):
    - GoogleUtilities/Environment
  - GoogleUtilities/MethodSwizzler (6.7.2):
    - GoogleUtilities/Logger
  - GoogleUtilities/Network (6.7.2):
    - GoogleUtilities/Logger
    - "GoogleUtilities/NSData+zlib"
    - GoogleUtilities/Reachability
  - "GoogleUtilities/NSData+zlib (6.7.2)"
  - GoogleUtilities/Reachability (6.7.2):
    - GoogleUtilities/Logger
  - GoogleUtilities/UserDefaults (6.7.2):
    - GoogleUtilities/Logger
  - GTMSessionFetcher/Core (1.4.0)
  - iRate (1.12.2)
  - leveldb-library (1.22)
  - nanopb (1.30906.0):
    - nanopb/decode (= 1.30906.0)
    - nanopb/encode (= 1.30906.0)
  - nanopb/decode (1.30906.0)
  - nanopb/encode (1.30906.0)
  - Onboard (2.3.3)
  - PromisesObjC (1.2.10)
  - SimulatorStatusMagic (2.4.1)
  - Siren (5.4.5)
  - SwiftLint (0.40.2)
  - SwiftRandom (1.0.0)
  - SwiftyBeaver (1.9.2)

DEPENDENCIES:
  - Amplitude-iOS
  - Crashlytics
  - Fabric
  - FacebookCore
  - Fakery
  - Firebase
  - Firebase/Auth
  - Firebase/Core
  - Firebase/Database
  - FLEX (~> 2.0)
  - Flurry-iOS-SDK/FlurrySDK
  - Google-Mobile-Ads-SDK
  - iRate
  - Onboard
  - SimulatorStatusMagic
  - Siren
  - SwiftLint
  - SwiftRandom
  - SwiftyBeaver

SPEC REPOS:
  trunk:
    - Amplitude-iOS
    - Crashlytics
    - Fabric
    - FacebookCore
    - Fakery
    - FBSDKCoreKit
    - Firebase
    - FirebaseAnalytics
    - FirebaseAuth
    - FirebaseCore
    - FirebaseCoreDiagnostics
    - FirebaseDatabase
    - FirebaseInstallations
    - FLEX
    - Flurry-iOS-SDK
    - Google-Mobile-Ads-SDK
    - GoogleAppMeasurement
    - GoogleDataTransport
    - GoogleUserMessagingPlatform
    - GoogleUtilities
    - GTMSessionFetcher
    - iRate
    - leveldb-library
    - nanopb
    - Onboard
    - PromisesObjC
    - SimulatorStatusMagic
    - Siren
    - SwiftLint
    - SwiftRandom
    - SwiftyBeaver

SPEC CHECKSUMS:
  Amplitude-iOS: 7d8cdc3408ba35c2e68368fc7c692cd104606b94
  Crashlytics: 540b7e5f5da5a042647227a5e3ac51d85eed06df
  Fabric: 706c8b8098fff96c33c0db69cbf81f9c551d0d74
  FacebookCore: ba86524b66cfa86d0f8e65d08faa8504a9f732dd
  Fakery: d3380c4aa1efe7631c0831d7e26aa9db4491f014
  FBSDKCoreKit: 1d5acf7c9d7a2f92bb1a242dc60cae5b7adb91df
  Firebase: 47176280bfba198e531f909cfb1612dad216cb96
  FirebaseAnalytics: 3c2fee6a922023ccfda7af87e4e641bad1fc11ba
  FirebaseAuth: f7b269b33c1e842a35400ddc9bbc8b03cdc47ba3
  FirebaseCore: 1d697bb944bf2af5fc248f1a66e165c9dd88bf97
  FirebaseCoreDiagnostics: 7415bfb3883b3500c5a95c42b6ba66baae78f600
  FirebaseDatabase: 13a865a4b85897462b930eb683bda8f52583713f
  FirebaseInstallations: 466c7b4d1f58fe16707693091da253726a731ed2
  FLEX: bd1a39e55b56bb413b6f1b34b3c10a0dc44ef079
  Flurry-iOS-SDK: 88c0399d6d276325dc9f74f6183c1070e6c3f21e
  Google-Mobile-Ads-SDK: af735e001ee534d9dd2ce0a87cd8c355b19844b5
  GoogleAppMeasurement: 1a66f478c68ecd6c16ee63ee60c7c3a648e6b337
  GoogleDataTransport: e85fb700c9b027079ce182c3d08e12e0f9618bb4
  GoogleUserMessagingPlatform: c85530d930ba509583aa5a6d50a10aca22cf8502
  GoogleUtilities: 7f2f5a07f888cdb145101d6042bc4422f57e70b3
  GTMSessionFetcher: 6f5c8abbab8a9bce4bb3f057e317728ec6182b10
  iRate: 4fc69958788624545e5d050c8ffd20884013c3f1
  leveldb-library: 55d93ee664b4007aac644a782d11da33fba316f7
  nanopb: 59317e09cf1f1a0af72f12af412d54edf52603fc
  Onboard: 4d6e943e20bdd6bc229df967a347dd7514bc2a6f
  PromisesObjC: b14b1c6b68e306650688599de8a45e49fae81151
  SimulatorStatusMagic: 28d4a9d1a500ac7cea0b2b5a43c1c6ddb40ba56c
  Siren: 4c6f4863ea5b7f2d0e58b576663fefd8f6ef417f
  SwiftLint: 1216c910d27c2633ade33b4f071bb6b930982e62
  SwiftRandom: 437275c63500ddf5a565cbd56996fb23f12cfc3d
  SwiftyBeaver: b8239f6bfe9e1ea3303e6139abc8c24228081d84

PODFILE CHECKSUM: c4ccf88a96a98013cb526eb51d696650f3789a45

COCOAPODS: 1.9.3
