PODS:
  - Amplitude-iOS (4.6.0)
  - Bolts (1.9.0):
    - Bolts/AppLinks (= 1.9.0)
    - Bolts/Tasks (= 1.9.0)
  - Bolts/AppLinks (1.9.0):
    - Bolts/Tasks
  - Bolts/Tasks (1.9.0)
  - Crashlytics (3.12.0):
    - Fabric (~> 1.9.0)
  - Fabric (1.9.0)
  - FacebookCore (0.6.0):
    - Bolts (~> 1.9)
    - FBSDKCoreKit (~> 4.43)
  - Fakery (4.0.0)
  - FBSDKCoreKit (4.44.1):
    - Bolts (~> 1.9)
  - Flurry-iOS-SDK/FlurrySDK (9.3.1)
  - iRate (1.12.2)
  - Onboard (2.3.3)
  - SimulatorStatusMagic (2.4.1)
  - Siren (5.0.1)
  - SwiftLint (0.31.0)
  - SwiftRandom (1.0.0)
  - SwiftyBeaver (1.7.0)

DEPENDENCIES:
  - Amplitude-iOS
  - Crashlytics
  - Fabric
  - FacebookCore
  - Fakery
  - Flurry-iOS-SDK/FlurrySDK
  - iRate
  - Onboard
  - SimulatorStatusMagic
  - Siren
  - SwiftLint
  - SwiftRandom
  - SwiftyBeaver

SPEC REPOS:
  https://github.com/cocoapods/specs.git:
    - Amplitude-iOS
    - Bolts
    - Crashlytics
    - Fabric
    - FacebookCore
    - Fakery
    - FBSDKCoreKit
    - Flurry-iOS-SDK
    - iRate
    - Onboard
    - SimulatorStatusMagic
    - Siren
    - SwiftLint
    - SwiftRandom
    - SwiftyBeaver

SPEC CHECKSUMS:
  Amplitude-iOS: ac1715ae68104b7a51723209ad574f60ab22ae5f
  Bolts: ac6567323eac61e203f6a9763667d0f711be34c8
  Crashlytics: 07fb167b1694128c1c9a5a5cc319b0e9c3ca0933
  Fabric: f988e33c97f08930a413e08123064d2e5f68d655
  FacebookCore: 38cd3a4078738d6f648eb9b6b9d35b02d693e9a1
  Fakery: 476f6d947de432f84703acc830a1e7166330299b
  FBSDKCoreKit: a823ae35bdb60ebb8d7a7e51abe7c5d87d2bfced
  Flurry-iOS-SDK: 5d782d740c5e95389c327d38245b3db4bb471fd7
  iRate: 4fc69958788624545e5d050c8ffd20884013c3f1
  Onboard: 4d6e943e20bdd6bc229df967a347dd7514bc2a6f
  SimulatorStatusMagic: 28d4a9d1a500ac7cea0b2b5a43c1c6ddb40ba56c
  Siren: 7ebe56fbd69b335cbe4329bcde985253be0e2d61
  SwiftLint: 7a0227733d786395817373b2d0ca799fd0093ff3
  SwiftRandom: 437275c63500ddf5a565cbd56996fb23f12cfc3d
  SwiftyBeaver: 4cc0080d2e23f980652e28978db11a5c9da39165

PODFILE CHECKSUM: 8688da3760325256f580314700914182efafd32d

COCOAPODS: 1.6.1
