// !$*UTF8*$!
{
	archiveVersion = 1;
	classes = {
	};
	objectVersion = 48;
	objects = {

/* Begin PBXBuildFile section */
		0B4AA99981E547818A5B3252 /* CoreVideo.framework in Frameworks */ = {isa = PBXBuildFile; fileRef = BCB55934A6B992147C2CAFC2 /* CoreVideo.framework */; };
		1ADE99FE3584001CD36B71D7 /* Pods_Would_You_Rather.framework in Frameworks */ = {isa = PBXBuildFile; fileRef = 24895057A0DE0ACDDC1A047F /* Pods_Would_You_Rather.framework */; };
		4143E215202583EA008492C8 /* AppDelegate.swift in Sources */ = {isa = PBXBuildFile; fileRef = 4143E214202583EA008492C8 /* AppDelegate.swift */; };
		4143E217202583EA008492C8 /* ViewController.swift in Sources */ = {isa = PBXBuildFile; fileRef = 4143E216202583EA008492C8 /* ViewController.swift */; };
		4143E21A202583EA008492C8 /* Main.storyboard in Resources */ = {isa = PBXBuildFile; fileRef = 4143E218202583EA008492C8 /* Main.storyboard */; };
		4143E21D202583EA008492C8 /* Would_You_Rather.xcdatamodeld in Sources */ = {isa = PBXBuildFile; fileRef = 4143E21B202583EA008492C8 /* Would_You_Rather.xcdatamodeld */; };
		4143E21F202583EA008492C8 /* Assets.xcassets in Resources */ = {isa = PBXBuildFile; fileRef = 4143E21E202583EA008492C8 /* Assets.xcassets */; };
		4143E222202583EA008492C8 /* LaunchScreen.storyboard in Resources */ = {isa = PBXBuildFile; fileRef = 4143E220202583EA008492C8 /* LaunchScreen.storyboard */; };
		4143E22D202583EA008492C8 /* Would_You_RatherTests.swift in Sources */ = {isa = PBXBuildFile; fileRef = 4143E22C202583EA008492C8 /* Would_You_RatherTests.swift */; };
		4143E238202583EA008492C8 /* Would_You_RatherUITests.swift in Sources */ = {isa = PBXBuildFile; fileRef = 4143E237202583EA008492C8 /* Would_You_RatherUITests.swift */; };
		4143E246202586A8008492C8 /* Question.swift in Sources */ = {isa = PBXBuildFile; fileRef = 4143E245202586A8008492C8 /* Question.swift */; };
		4143E24820258B6A008492C8 /* Details.rtf in Resources */ = {isa = PBXBuildFile; fileRef = 4143E24720258B6A008492C8 /* Details.rtf */; };
		41DA814E2025F10900587668 /* WouldYouRather.json in Resources */ = {isa = PBXBuildFile; fileRef = 41DA814D2025F10900587668 /* WouldYouRather.json */; };
		484AC3D7524D095427A84F61 /* BuddyBuildSDK.framework in Frameworks */ = {isa = PBXBuildFile; fileRef = 2A1D6DF28D3611A777D43E60 /* BuddyBuildSDK.framework */; };
		492508CEDB7AC3B04C1C017D /* AVFoundation.framework in Frameworks */ = {isa = PBXBuildFile; fileRef = 2A28925BBD58F10CF9C868CF /* AVFoundation.framework */; };
		507AB4F7FDF156AC8223A62C /* CoreTelephony.framework in Frameworks */ = {isa = PBXBuildFile; fileRef = 5AE6B5B3205A1FE0BDB63B3E /* CoreTelephony.framework */; };
		5FD3FA9FA77C4685A068FB47 /* Pods_Would_You_RatherUITests.framework in Frameworks */ = {isa = PBXBuildFile; fileRef = 0860475613ABC758BE2BA85A /* Pods_Would_You_RatherUITests.framework */; };
		7347DDD0DB5906C100748AA2 /* SystemConfiguration.framework in Frameworks */ = {isa = PBXBuildFile; fileRef = 734B63E85274485C78439DF4 /* SystemConfiguration.framework */; };
		8B0E92272B2D00B4B998EF97 /* AssetsLibrary.framework in Frameworks */ = {isa = PBXBuildFile; fileRef = 35CCED7BE23A532D6B924771 /* AssetsLibrary.framework */; };
		8D859506E12CC1B0ECB39215 /* CoreText.framework in Frameworks */ = {isa = PBXBuildFile; fileRef = 275121D7D733ED18B750B406 /* CoreText.framework */; };
		AF839065E3BE0AEF498DDEBB /* Pods_Would_You_RatherTests.framework in Frameworks */ = {isa = PBXBuildFile; fileRef = C03423D79C94CFBA8DABC605 /* Pods_Would_You_RatherTests.framework */; };
		BCCAC4C7669C00383A7EA5D2 /* CoreMedia.framework in Frameworks */ = {isa = PBXBuildFile; fileRef = 9F7B742C0862277E72654C34 /* CoreMedia.framework */; };
		DFB4374A2AB600A369086BE1 /* QuartzCore.framework in Frameworks */ = {isa = PBXBuildFile; fileRef = 645DEE6DACD4D868DCD4AD63 /* QuartzCore.framework */; };
/* End PBXBuildFile section */

/* Begin PBXContainerItemProxy section */
		4143E229202583EA008492C8 /* PBXContainerItemProxy */ = {
			isa = PBXContainerItemProxy;
			containerPortal = 4143E209202583EA008492C8 /* Project object */;
			proxyType = 1;
			remoteGlobalIDString = 4143E210202583EA008492C8;
			remoteInfo = "Would You Rather";
		};
		4143E234202583EA008492C8 /* PBXContainerItemProxy */ = {
			isa = PBXContainerItemProxy;
			containerPortal = 4143E209202583EA008492C8 /* Project object */;
			proxyType = 1;
			remoteGlobalIDString = 4143E210202583EA008492C8;
			remoteInfo = "Would You Rather";
		};
/* End PBXContainerItemProxy section */

/* Begin PBXFileReference section */
		0860475613ABC758BE2BA85A /* Pods_Would_You_RatherUITests.framework */ = {isa = PBXFileReference; explicitFileType = wrapper.framework; includeInIndex = 0; path = Pods_Would_You_RatherUITests.framework; sourceTree = BUILT_PRODUCTS_DIR; };
		13341EC1AB55EA2F7BC55DCF /* Pods-Would You RatherTests.debug.xcconfig */ = {isa = PBXFileReference; includeInIndex = 1; lastKnownFileType = text.xcconfig; name = "Pods-Would You RatherTests.debug.xcconfig"; path = "Pods/Target Support Files/Pods-Would You RatherTests/Pods-Would You RatherTests.debug.xcconfig"; sourceTree = "<group>"; };
		20ABB50F0B6CD202B4C4545D /* Pods-Would You RatherTests.release.xcconfig */ = {isa = PBXFileReference; includeInIndex = 1; lastKnownFileType = text.xcconfig; name = "Pods-Would You RatherTests.release.xcconfig"; path = "Pods/Target Support Files/Pods-Would You RatherTests/Pods-Would You RatherTests.release.xcconfig"; sourceTree = "<group>"; };
		24895057A0DE0ACDDC1A047F /* Pods_Would_You_Rather.framework */ = {isa = PBXFileReference; explicitFileType = wrapper.framework; includeInIndex = 0; path = Pods_Would_You_Rather.framework; sourceTree = BUILT_PRODUCTS_DIR; };
		275121D7D733ED18B750B406 /* CoreText.framework */ = {isa = PBXFileReference; lastKnownFileType = wrapper.framework; name = CoreText.framework; path = System/Library/Frameworks/CoreText.framework; sourceTree = SDKROOT; };
		2A1D6DF28D3611A777D43E60 /* BuddyBuildSDK.framework */ = {isa = PBXFileReference; lastKnownFileType = wrapper.framework; name = BuddyBuildSDK.framework; path = BuddyBuildSDK.framework; sourceTree = "<group>"; };
		2A28925BBD58F10CF9C868CF /* AVFoundation.framework */ = {isa = PBXFileReference; lastKnownFileType = wrapper.framework; name = AVFoundation.framework; path = System/Library/Frameworks/AVFoundation.framework; sourceTree = SDKROOT; };
		33BCABA85E87A3712EF74723 /* Pods-Would You RatherUITests.release.xcconfig */ = {isa = PBXFileReference; includeInIndex = 1; lastKnownFileType = text.xcconfig; name = "Pods-Would You RatherUITests.release.xcconfig"; path = "Pods/Target Support Files/Pods-Would You RatherUITests/Pods-Would You RatherUITests.release.xcconfig"; sourceTree = "<group>"; };
		34EF00D869FAB74A19F75E39 /* Bridging-Header.h */ = {isa = PBXFileReference; includeInIndex = 1; lastKnownFileType = sourcecode.c.h; path = "Bridging-Header.h"; sourceTree = "<group>"; };
		35CCED7BE23A532D6B924771 /* AssetsLibrary.framework */ = {isa = PBXFileReference; lastKnownFileType = wrapper.framework; name = AssetsLibrary.framework; path = System/Library/Frameworks/AssetsLibrary.framework; sourceTree = SDKROOT; };
		4143E211202583EA008492C8 /* Would You Rather.app */ = {isa = PBXFileReference; explicitFileType = wrapper.application; includeInIndex = 0; path = "Would You Rather.app"; sourceTree = BUILT_PRODUCTS_DIR; };
		4143E214202583EA008492C8 /* AppDelegate.swift */ = {isa = PBXFileReference; lastKnownFileType = sourcecode.swift; path = AppDelegate.swift; sourceTree = "<group>"; };
		4143E216202583EA008492C8 /* ViewController.swift */ = {isa = PBXFileReference; lastKnownFileType = sourcecode.swift; path = ViewController.swift; sourceTree = "<group>"; };
		4143E219202583EA008492C8 /* Base */ = {isa = PBXFileReference; lastKnownFileType = file.storyboard; name = Base; path = Base.lproj/Main.storyboard; sourceTree = "<group>"; };
		4143E21C202583EA008492C8 /* Would_You_Rather.xcdatamodel */ = {isa = PBXFileReference; lastKnownFileType = wrapper.xcdatamodel; path = Would_You_Rather.xcdatamodel; sourceTree = "<group>"; };
		4143E21E202583EA008492C8 /* Assets.xcassets */ = {isa = PBXFileReference; lastKnownFileType = folder.assetcatalog; path = Assets.xcassets; sourceTree = "<group>"; };
		4143E221202583EA008492C8 /* Base */ = {isa = PBXFileReference; lastKnownFileType = file.storyboard; name = Base; path = Base.lproj/LaunchScreen.storyboard; sourceTree = "<group>"; };
		4143E223202583EA008492C8 /* Info.plist */ = {isa = PBXFileReference; lastKnownFileType = text.plist.xml; path = Info.plist; sourceTree = "<group>"; };
		4143E228202583EA008492C8 /* Would You RatherTests.xctest */ = {isa = PBXFileReference; explicitFileType = wrapper.cfbundle; includeInIndex = 0; path = "Would You RatherTests.xctest"; sourceTree = BUILT_PRODUCTS_DIR; };
		4143E22C202583EA008492C8 /* Would_You_RatherTests.swift */ = {isa = PBXFileReference; lastKnownFileType = sourcecode.swift; path = Would_You_RatherTests.swift; sourceTree = "<group>"; };
		4143E22E202583EA008492C8 /* Info.plist */ = {isa = PBXFileReference; lastKnownFileType = text.plist.xml; path = Info.plist; sourceTree = "<group>"; };
		4143E233202583EA008492C8 /* Would You RatherUITests.xctest */ = {isa = PBXFileReference; explicitFileType = wrapper.cfbundle; includeInIndex = 0; path = "Would You RatherUITests.xctest"; sourceTree = BUILT_PRODUCTS_DIR; };
		4143E237202583EA008492C8 /* Would_You_RatherUITests.swift */ = {isa = PBXFileReference; lastKnownFileType = sourcecode.swift; path = Would_You_RatherUITests.swift; sourceTree = "<group>"; };
		4143E239202583EA008492C8 /* Info.plist */ = {isa = PBXFileReference; lastKnownFileType = text.plist.xml; path = Info.plist; sourceTree = "<group>"; };
		4143E245202586A8008492C8 /* Question.swift */ = {isa = PBXFileReference; lastKnownFileType = sourcecode.swift; path = Question.swift; sourceTree = "<group>"; };
		4143E24720258B6A008492C8 /* Details.rtf */ = {isa = PBXFileReference; lastKnownFileType = text.rtf; path = Details.rtf; sourceTree = "<group>"; };
		41DA814D2025F10900587668 /* WouldYouRather.json */ = {isa = PBXFileReference; fileEncoding = 4; lastKnownFileType = text.json; path = WouldYouRather.json; sourceTree = "<group>"; };
		4E7F8EA5A485476F1A913ADD /* Pods-Would You Rather.debug.xcconfig */ = {isa = PBXFileReference; includeInIndex = 1; lastKnownFileType = text.xcconfig; name = "Pods-Would You Rather.debug.xcconfig"; path = "Pods/Target Support Files/Pods-Would You Rather/Pods-Would You Rather.debug.xcconfig"; sourceTree = "<group>"; };
		5AE6B5B3205A1FE0BDB63B3E /* CoreTelephony.framework */ = {isa = PBXFileReference; lastKnownFileType = wrapper.framework; name = CoreTelephony.framework; path = System/Library/Frameworks/CoreTelephony.framework; sourceTree = SDKROOT; };
		645DEE6DACD4D868DCD4AD63 /* QuartzCore.framework */ = {isa = PBXFileReference; lastKnownFileType = wrapper.framework; name = QuartzCore.framework; path = System/Library/Frameworks/QuartzCore.framework; sourceTree = SDKROOT; };
		734B63E85274485C78439DF4 /* SystemConfiguration.framework */ = {isa = PBXFileReference; lastKnownFileType = wrapper.framework; name = SystemConfiguration.framework; path = System/Library/Frameworks/SystemConfiguration.framework; sourceTree = SDKROOT; };
		933A220340772872BCAC5C5D /* Pods-Would You Rather.release.xcconfig */ = {isa = PBXFileReference; includeInIndex = 1; lastKnownFileType = text.xcconfig; name = "Pods-Would You Rather.release.xcconfig"; path = "Pods/Target Support Files/Pods-Would You Rather/Pods-Would You Rather.release.xcconfig"; sourceTree = "<group>"; };
		9446AA8347CDF4FA6D860450 /* Pods-Would You RatherUITests.debug.xcconfig */ = {isa = PBXFileReference; includeInIndex = 1; lastKnownFileType = text.xcconfig; name = "Pods-Would You RatherUITests.debug.xcconfig"; path = "Pods/Target Support Files/Pods-Would You RatherUITests/Pods-Would You RatherUITests.debug.xcconfig"; sourceTree = "<group>"; };
		9F7B742C0862277E72654C34 /* CoreMedia.framework */ = {isa = PBXFileReference; lastKnownFileType = wrapper.framework; name = CoreMedia.framework; path = System/Library/Frameworks/CoreMedia.framework; sourceTree = SDKROOT; };
		BCB55934A6B992147C2CAFC2 /* CoreVideo.framework */ = {isa = PBXFileReference; lastKnownFileType = wrapper.framework; name = CoreVideo.framework; path = System/Library/Frameworks/CoreVideo.framework; sourceTree = SDKROOT; };
		C03423D79C94CFBA8DABC605 /* Pods_Would_You_RatherTests.framework */ = {isa = PBXFileReference; explicitFileType = wrapper.framework; includeInIndex = 0; path = Pods_Would_You_RatherTests.framework; sourceTree = BUILT_PRODUCTS_DIR; };
/* End PBXFileReference section */

/* Begin PBXFrameworksBuildPhase section */
		4143E20E202583EA008492C8 /* Frameworks */ = {
			isa = PBXFrameworksBuildPhase;
			buildActionMask = 2147483647;
			files = (
				1ADE99FE3584001CD36B71D7 /* Pods_Would_You_Rather.framework in Frameworks */,
				484AC3D7524D095427A84F61 /* BuddyBuildSDK.framework in Frameworks */,
				8B0E92272B2D00B4B998EF97 /* AssetsLibrary.framework in Frameworks */,
				8D859506E12CC1B0ECB39215 /* CoreText.framework in Frameworks */,
				507AB4F7FDF156AC8223A62C /* CoreTelephony.framework in Frameworks */,
				7347DDD0DB5906C100748AA2 /* SystemConfiguration.framework in Frameworks */,
				DFB4374A2AB600A369086BE1 /* QuartzCore.framework in Frameworks */,
				492508CEDB7AC3B04C1C017D /* AVFoundation.framework in Frameworks */,
				BCCAC4C7669C00383A7EA5D2 /* CoreMedia.framework in Frameworks */,
				0B4AA99981E547818A5B3252 /* CoreVideo.framework in Frameworks */,
			);
			runOnlyForDeploymentPostprocessing = 0;
		};
		4143E225202583EA008492C8 /* Frameworks */ = {
			isa = PBXFrameworksBuildPhase;
			buildActionMask = 2147483647;
			files = (
				AF839065E3BE0AEF498DDEBB /* Pods_Would_You_RatherTests.framework in Frameworks */,
			);
			runOnlyForDeploymentPostprocessing = 0;
		};
		4143E230202583EA008492C8 /* Frameworks */ = {
			isa = PBXFrameworksBuildPhase;
			buildActionMask = 2147483647;
			files = (
				5FD3FA9FA77C4685A068FB47 /* Pods_Would_You_RatherUITests.framework in Frameworks */,
			);
			runOnlyForDeploymentPostprocessing = 0;
		};
/* End PBXFrameworksBuildPhase section */

/* Begin PBXGroup section */
		4143E208202583EA008492C8 = {
			isa = PBXGroup;
			children = (
				4143E213202583EA008492C8 /* Would You Rather */,
				4143E22B202583EA008492C8 /* Would You RatherTests */,
				4143E236202583EA008492C8 /* Would You RatherUITests */,
				4143E212202583EA008492C8 /* Products */,
				8A11EBD0D9B010CA9E6298C3 /* Pods */,
				96BD9AAE1848B1D9E541A405 /* Frameworks */,
				34EF00D869FAB74A19F75E39 /* Bridging-Header.h */,
			);
			sourceTree = "<group>";
		};
		4143E212202583EA008492C8 /* Products */ = {
			isa = PBXGroup;
			children = (
				4143E211202583EA008492C8 /* Would You Rather.app */,
				4143E228202583EA008492C8 /* Would You RatherTests.xctest */,
				4143E233202583EA008492C8 /* Would You RatherUITests.xctest */,
			);
			name = Products;
			sourceTree = "<group>";
		};
		4143E213202583EA008492C8 /* Would You Rather */ = {
			isa = PBXGroup;
			children = (
				41DA814D2025F10900587668 /* WouldYouRather.json */,
				4143E214202583EA008492C8 /* AppDelegate.swift */,
				4143E216202583EA008492C8 /* ViewController.swift */,
				4143E245202586A8008492C8 /* Question.swift */,
				4143E218202583EA008492C8 /* Main.storyboard */,
				4143E21E202583EA008492C8 /* Assets.xcassets */,
				4143E220202583EA008492C8 /* LaunchScreen.storyboard */,
				4143E223202583EA008492C8 /* Info.plist */,
				4143E21B202583EA008492C8 /* Would_You_Rather.xcdatamodeld */,
				4143E24720258B6A008492C8 /* Details.rtf */,
			);
			path = "Would You Rather";
			sourceTree = "<group>";
		};
		4143E22B202583EA008492C8 /* Would You RatherTests */ = {
			isa = PBXGroup;
			children = (
				4143E22C202583EA008492C8 /* Would_You_RatherTests.swift */,
				4143E22E202583EA008492C8 /* Info.plist */,
			);
			path = "Would You RatherTests";
			sourceTree = "<group>";
		};
		4143E236202583EA008492C8 /* Would You RatherUITests */ = {
			isa = PBXGroup;
			children = (
				4143E237202583EA008492C8 /* Would_You_RatherUITests.swift */,
				4143E239202583EA008492C8 /* Info.plist */,
			);
			path = "Would You RatherUITests";
			sourceTree = "<group>";
		};
		8A11EBD0D9B010CA9E6298C3 /* Pods */ = {
			isa = PBXGroup;
			children = (
				4E7F8EA5A485476F1A913ADD /* Pods-Would You Rather.debug.xcconfig */,
				933A220340772872BCAC5C5D /* Pods-Would You Rather.release.xcconfig */,
				13341EC1AB55EA2F7BC55DCF /* Pods-Would You RatherTests.debug.xcconfig */,
				20ABB50F0B6CD202B4C4545D /* Pods-Would You RatherTests.release.xcconfig */,
				9446AA8347CDF4FA6D860450 /* Pods-Would You RatherUITests.debug.xcconfig */,
				33BCABA85E87A3712EF74723 /* Pods-Would You RatherUITests.release.xcconfig */,
			);
			name = Pods;
			sourceTree = "<group>";
		};
		96BD9AAE1848B1D9E541A405 /* Frameworks */ = {
			isa = PBXGroup;
			children = (
				24895057A0DE0ACDDC1A047F /* Pods_Would_You_Rather.framework */,
				C03423D79C94CFBA8DABC605 /* Pods_Would_You_RatherTests.framework */,
				0860475613ABC758BE2BA85A /* Pods_Would_You_RatherUITests.framework */,
				2A1D6DF28D3611A777D43E60 /* BuddyBuildSDK.framework */,
				35CCED7BE23A532D6B924771 /* AssetsLibrary.framework */,
				275121D7D733ED18B750B406 /* CoreText.framework */,
				5AE6B5B3205A1FE0BDB63B3E /* CoreTelephony.framework */,
				734B63E85274485C78439DF4 /* SystemConfiguration.framework */,
				645DEE6DACD4D868DCD4AD63 /* QuartzCore.framework */,
				2A28925BBD58F10CF9C868CF /* AVFoundation.framework */,
				9F7B742C0862277E72654C34 /* CoreMedia.framework */,
				BCB55934A6B992147C2CAFC2 /* CoreVideo.framework */,
			);
			name = Frameworks;
			sourceTree = "<group>";
		};
/* End PBXGroup section */

/* Begin PBXNativeTarget section */
		4143E210202583EA008492C8 /* Would You Rather */ = {
			isa = PBXNativeTarget;
			buildConfigurationList = 4143E23C202583EA008492C8 /* Build configuration list for PBXNativeTarget "Would You Rather" */;
			buildPhases = (
				12ABD80294ECDEDB0CB7B631 /* [CP] Check Pods Manifest.lock */,
				4143E20D202583EA008492C8 /* Sources */,
				4143E20E202583EA008492C8 /* Frameworks */,
				4143E20F202583EA008492C8 /* Resources */,
				F246AC2B8D56C81874BE34DD /* [CP] Embed Pods Frameworks */,
				20D2FE9538ABF7C687450F99 /* [CP] Copy Pods Resources */,
			);
			buildRules = (
			);
			dependencies = (
			);
			name = "Would You Rather";
			productName = "Would You Rather";
			productReference = 4143E211202583EA008492C8 /* Would You Rather.app */;
			productType = "com.apple.product-type.application";
		};
		4143E227202583EA008492C8 /* Would You RatherTests */ = {
			isa = PBXNativeTarget;
			buildConfigurationList = 4143E23F202583EA008492C8 /* Build configuration list for PBXNativeTarget "Would You RatherTests" */;
			buildPhases = (
				BE926BDE8FA014D27E4F3B90 /* [CP] Check Pods Manifest.lock */,
				4143E224202583EA008492C8 /* Sources */,
				4143E225202583EA008492C8 /* Frameworks */,
				4143E226202583EA008492C8 /* Resources */,
				D3E3810BAEF77FE37AC5414B /* [CP] Embed Pods Frameworks */,
				8B15E4986F53ECBF4E1C6A9F /* [CP] Copy Pods Resources */,
			);
			buildRules = (
			);
			dependencies = (
				4143E22A202583EA008492C8 /* PBXTargetDependency */,
			);
			name = "Would You RatherTests";
			productName = "Would You RatherTests";
			productReference = 4143E228202583EA008492C8 /* Would You RatherTests.xctest */;
			productType = "com.apple.product-type.bundle.unit-test";
		};
		4143E232202583EA008492C8 /* Would You RatherUITests */ = {
			isa = PBXNativeTarget;
			buildConfigurationList = 4143E242202583EA008492C8 /* Build configuration list for PBXNativeTarget "Would You RatherUITests" */;
			buildPhases = (
				ED71441A3AA5063B5206B855 /* [CP] Check Pods Manifest.lock */,
				4143E22F202583EA008492C8 /* Sources */,
				4143E230202583EA008492C8 /* Frameworks */,
				4143E231202583EA008492C8 /* Resources */,
				815BFBA49B540321B0990EFE /* [CP] Embed Pods Frameworks */,
				9E1D1125292E2F6827DC5654 /* [CP] Copy Pods Resources */,
			);
			buildRules = (
			);
			dependencies = (
				4143E235202583EA008492C8 /* PBXTargetDependency */,
			);
			name = "Would You RatherUITests";
			productName = "Would You RatherUITests";
			productReference = 4143E233202583EA008492C8 /* Would You RatherUITests.xctest */;
			productType = "com.apple.product-type.bundle.ui-testing";
		};
/* End PBXNativeTarget section */

/* Begin PBXProject section */
		4143E209202583EA008492C8 /* Project object */ = {
			isa = PBXProject;
			attributes = {
				LastSwiftUpdateCheck = 0920;
				LastUpgradeCheck = 0920;
				ORGANIZATIONNAME = Andre;
				TargetAttributes = {
					4143E210202583EA008492C8 = {
						CreatedOnToolsVersion = 9.2;
						ProvisioningStyle = Automatic;
					};
					4143E227202583EA008492C8 = {
						CreatedOnToolsVersion = 9.2;
						ProvisioningStyle = Automatic;
						TestTargetID = 4143E210202583EA008492C8;
					};
					4143E232202583EA008492C8 = {
						CreatedOnToolsVersion = 9.2;
						ProvisioningStyle = Automatic;
						TestTargetID = 4143E210202583EA008492C8;
					};
				};
			};
			buildConfigurationList = 4143E20C202583EA008492C8 /* Build configuration list for PBXProject "Would You Rather" */;
			compatibilityVersion = "Xcode 8.0";
			developmentRegion = en;
			hasScannedForEncodings = 0;
			knownRegions = (
				en,
				Base,
			);
			mainGroup = 4143E208202583EA008492C8;
			productRefGroup = 4143E212202583EA008492C8 /* Products */;
			projectDirPath = "";
			projectRoot = "";
			targets = (
				4143E210202583EA008492C8 /* Would You Rather */,
				4143E227202583EA008492C8 /* Would You RatherTests */,
				4143E232202583EA008492C8 /* Would You RatherUITests */,
			);
		};
/* End PBXProject section */

/* Begin PBXResourcesBuildPhase section */
		4143E20F202583EA008492C8 /* Resources */ = {
			isa = PBXResourcesBuildPhase;
			buildActionMask = 2147483647;
			files = (
				4143E222202583EA008492C8 /* LaunchScreen.storyboard in Resources */,
				4143E21F202583EA008492C8 /* Assets.xcassets in Resources */,
				4143E24820258B6A008492C8 /* Details.rtf in Resources */,
				4143E21A202583EA008492C8 /* Main.storyboard in Resources */,
				41DA814E2025F10900587668 /* WouldYouRather.json in Resources */,
			);
			runOnlyForDeploymentPostprocessing = 0;
		};
		4143E226202583EA008492C8 /* Resources */ = {
			isa = PBXResourcesBuildPhase;
			buildActionMask = 2147483647;
			files = (
			);
			runOnlyForDeploymentPostprocessing = 0;
		};
		4143E231202583EA008492C8 /* Resources */ = {
			isa = PBXResourcesBuildPhase;
			buildActionMask = 2147483647;
			files = (
			);
			runOnlyForDeploymentPostprocessing = 0;
		};
/* End PBXResourcesBuildPhase section */

/* Begin PBXShellScriptBuildPhase section */
		12ABD80294ECDEDB0CB7B631 /* [CP] Check Pods Manifest.lock */ = {
			isa = PBXShellScriptBuildPhase;
			buildActionMask = 2147483647;
			files = (
			);
			inputPaths = (
				"${PODS_PODFILE_DIR_PATH}/Podfile.lock",
				"${PODS_ROOT}/Manifest.lock",
			);
			name = "[CP] Check Pods Manifest.lock";
			outputPaths = (
				"$(DERIVED_FILE_DIR)/Pods-Would You Rather-checkManifestLockResult.txt",
			);
			runOnlyForDeploymentPostprocessing = 0;
			shellPath = /bin/sh;
			shellScript = "diff \"${PODS_PODFILE_DIR_PATH}/Podfile.lock\" \"${PODS_ROOT}/Manifest.lock\" > /dev/null\nif [ $? != 0 ] ; then\n    # print error to STDERR\n    echo \"error: The sandbox is not in sync with the Podfile.lock. Run 'pod install' or update your CocoaPods installation.\" >&2\n    exit 1\nfi\n# This output is used by Xcode 'outputs' to avoid re-running this script phase.\necho \"SUCCESS\" > \"${SCRIPT_OUTPUT_FILE_0}\"\n";
			showEnvVarsInLog = 0;
		};
		20D2FE9538ABF7C687450F99 /* [CP] Copy Pods Resources */ = {
			isa = PBXShellScriptBuildPhase;
			buildActionMask = 2147483647;
			files = (
			);
			inputPaths = (
			);
			name = "[CP] Copy Pods Resources";
			outputPaths = (
			);
			runOnlyForDeploymentPostprocessing = 0;
			shellPath = /bin/sh;
			shellScript = "\"${SRCROOT}/Pods/Target Support Files/Pods-Would You Rather/Pods-Would You Rather-resources.sh\"\n";
			showEnvVarsInLog = 0;
		};
		815BFBA49B540321B0990EFE /* [CP] Embed Pods Frameworks */ = {
			isa = PBXShellScriptBuildPhase;
			buildActionMask = 2147483647;
			files = (
			);
			inputPaths = (
			);
			name = "[CP] Embed Pods Frameworks";
			outputPaths = (
			);
			runOnlyForDeploymentPostprocessing = 0;
			shellPath = /bin/sh;
			shellScript = "\"${SRCROOT}/Pods/Target Support Files/Pods-Would You RatherUITests/Pods-Would You RatherUITests-frameworks.sh\"\n";
			showEnvVarsInLog = 0;
		};
		8B15E4986F53ECBF4E1C6A9F /* [CP] Copy Pods Resources */ = {
			isa = PBXShellScriptBuildPhase;
			buildActionMask = 2147483647;
			files = (
			);
			inputPaths = (
			);
			name = "[CP] Copy Pods Resources";
			outputPaths = (
			);
			runOnlyForDeploymentPostprocessing = 0;
			shellPath = /bin/sh;
			shellScript = "\"${SRCROOT}/Pods/Target Support Files/Pods-Would You RatherTests/Pods-Would You RatherTests-resources.sh\"\n";
			showEnvVarsInLog = 0;
		};
		9E1D1125292E2F6827DC5654 /* [CP] Copy Pods Resources */ = {
			isa = PBXShellScriptBuildPhase;
			buildActionMask = 2147483647;
			files = (
			);
			inputPaths = (
			);
			name = "[CP] Copy Pods Resources";
			outputPaths = (
			);
			runOnlyForDeploymentPostprocessing = 0;
			shellPath = /bin/sh;
			shellScript = "\"${SRCROOT}/Pods/Target Support Files/Pods-Would You RatherUITests/Pods-Would You RatherUITests-resources.sh\"\n";
			showEnvVarsInLog = 0;
		};
		BE926BDE8FA014D27E4F3B90 /* [CP] Check Pods Manifest.lock */ = {
			isa = PBXShellScriptBuildPhase;
			buildActionMask = 2147483647;
			files = (
			);
			inputPaths = (
				"${PODS_PODFILE_DIR_PATH}/Podfile.lock",
				"${PODS_ROOT}/Manifest.lock",
			);
			name = "[CP] Check Pods Manifest.lock";
			outputPaths = (
				"$(DERIVED_FILE_DIR)/Pods-Would You RatherTests-checkManifestLockResult.txt",
			);
			runOnlyForDeploymentPostprocessing = 0;
			shellPath = /bin/sh;
			shellScript = "diff \"${PODS_PODFILE_DIR_PATH}/Podfile.lock\" \"${PODS_ROOT}/Manifest.lock\" > /dev/null\nif [ $? != 0 ] ; then\n    # print error to STDERR\n    echo \"error: The sandbox is not in sync with the Podfile.lock. Run 'pod install' or update your CocoaPods installation.\" >&2\n    exit 1\nfi\n# This output is used by Xcode 'outputs' to avoid re-running this script phase.\necho \"SUCCESS\" > \"${SCRIPT_OUTPUT_FILE_0}\"\n";
			showEnvVarsInLog = 0;
		};
		D3E3810BAEF77FE37AC5414B /* [CP] Embed Pods Frameworks */ = {
			isa = PBXShellScriptBuildPhase;
			buildActionMask = 2147483647;
			files = (
			);
			inputPaths = (
			);
			name = "[CP] Embed Pods Frameworks";
			outputPaths = (
			);
			runOnlyForDeploymentPostprocessing = 0;
			shellPath = /bin/sh;
			shellScript = "\"${SRCROOT}/Pods/Target Support Files/Pods-Would You RatherTests/Pods-Would You RatherTests-frameworks.sh\"\n";
			showEnvVarsInLog = 0;
		};
		ED71441A3AA5063B5206B855 /* [CP] Check Pods Manifest.lock */ = {
			isa = PBXShellScriptBuildPhase;
			buildActionMask = 2147483647;
			files = (
			);
			inputPaths = (
				"${PODS_PODFILE_DIR_PATH}/Podfile.lock",
				"${PODS_ROOT}/Manifest.lock",
			);
			name = "[CP] Check Pods Manifest.lock";
			outputPaths = (
				"$(DERIVED_FILE_DIR)/Pods-Would You RatherUITests-checkManifestLockResult.txt",
			);
			runOnlyForDeploymentPostprocessing = 0;
			shellPath = /bin/sh;
			shellScript = "diff \"${PODS_PODFILE_DIR_PATH}/Podfile.lock\" \"${PODS_ROOT}/Manifest.lock\" > /dev/null\nif [ $? != 0 ] ; then\n    # print error to STDERR\n    echo \"error: The sandbox is not in sync with the Podfile.lock. Run 'pod install' or update your CocoaPods installation.\" >&2\n    exit 1\nfi\n# This output is used by Xcode 'outputs' to avoid re-running this script phase.\necho \"SUCCESS\" > \"${SCRIPT_OUTPUT_FILE_0}\"\n";
			showEnvVarsInLog = 0;
		};
		F246AC2B8D56C81874BE34DD /* [CP] Embed Pods Frameworks */ = {
			isa = PBXShellScriptBuildPhase;
			buildActionMask = 2147483647;
			files = (
			);
			inputPaths = (
				"${SRCROOT}/Pods/Target Support Files/Pods-Would You Rather/Pods-Would You Rather-frameworks.sh",
				"${BUILT_PRODUCTS_DIR}/Amplitude-iOS/Amplitude_iOS.framework",
				"${BUILT_PRODUCTS_DIR}/Bolts/Bolts.framework",
				"${BUILT_PRODUCTS_DIR}/FBSDKCoreKit/FBSDKCoreKit.framework",
				"${BUILT_PRODUCTS_DIR}/FacebookCore/FacebookCore.framework",
				"${BUILT_PRODUCTS_DIR}/Fakery/Fakery.framework",
				"${BUILT_PRODUCTS_DIR}/Flurry-iOS-SDK/Flurry_iOS_SDK.framework",
				"${BUILT_PRODUCTS_DIR}/Onboard/Onboard.framework",
				"${BUILT_PRODUCTS_DIR}/Siren/Siren.framework",
				"${BUILT_PRODUCTS_DIR}/SwiftRandom/SwiftRandom.framework",
				"${BUILT_PRODUCTS_DIR}/SwiftyBeaver/SwiftyBeaver.framework",
				"${BUILT_PRODUCTS_DIR}/SwiftySound/SwiftySound.framework",
				"${BUILT_PRODUCTS_DIR}/iRate/iRate.framework",
			);
			name = "[CP] Embed Pods Frameworks";
			outputPaths = (
				"${TARGET_BUILD_DIR}/${FRAMEWORKS_FOLDER_PATH}/Amplitude_iOS.framework",
				"${TARGET_BUILD_DIR}/${FRAMEWORKS_FOLDER_PATH}/Bolts.framework",
				"${TARGET_BUILD_DIR}/${FRAMEWORKS_FOLDER_PATH}/FBSDKCoreKit.framework",
				"${TARGET_BUILD_DIR}/${FRAMEWORKS_FOLDER_PATH}/FacebookCore.framework",
				"${TARGET_BUILD_DIR}/${FRAMEWORKS_FOLDER_PATH}/Fakery.framework",
				"${TARGET_BUILD_DIR}/${FRAMEWORKS_FOLDER_PATH}/Flurry_iOS_SDK.framework",
				"${TARGET_BUILD_DIR}/${FRAMEWORKS_FOLDER_PATH}/Onboard.framework",
				"${TARGET_BUILD_DIR}/${FRAMEWORKS_FOLDER_PATH}/Siren.framework",
				"${TARGET_BUILD_DIR}/${FRAMEWORKS_FOLDER_PATH}/SwiftRandom.framework",
				"${TARGET_BUILD_DIR}/${FRAMEWORKS_FOLDER_PATH}/SwiftyBeaver.framework",
				"${TARGET_BUILD_DIR}/${FRAMEWORKS_FOLDER_PATH}/SwiftySound.framework",
				"${TARGET_BUILD_DIR}/${FRAMEWORKS_FOLDER_PATH}/iRate.framework",
			);
			runOnlyForDeploymentPostprocessing = 0;
			shellPath = /bin/sh;
			shellScript = "\"${SRCROOT}/Pods/Target Support Files/Pods-Would You Rather/Pods-Would You Rather-frameworks.sh\"\n";
			showEnvVarsInLog = 0;
		};
/* End PBXShellScriptBuildPhase section */

/* Begin PBXSourcesBuildPhase section */
		4143E20D202583EA008492C8 /* Sources */ = {
			isa = PBXSourcesBuildPhase;
			buildActionMask = 2147483647;
			files = (
				4143E217202583EA008492C8 /* ViewController.swift in Sources */,
				4143E246202586A8008492C8 /* Question.swift in Sources */,
				4143E215202583EA008492C8 /* AppDelegate.swift in Sources */,
				4143E21D202583EA008492C8 /* Would_You_Rather.xcdatamodeld in Sources */,
			);
			runOnlyForDeploymentPostprocessing = 0;
		};
		4143E224202583EA008492C8 /* Sources */ = {
			isa = PBXSourcesBuildPhase;
			buildActionMask = 2147483647;
			files = (
				4143E22D202583EA008492C8 /* Would_You_RatherTests.swift in Sources */,
			);
			runOnlyForDeploymentPostprocessing = 0;
		};
		4143E22F202583EA008492C8 /* Sources */ = {
			isa = PBXSourcesBuildPhase;
			buildActionMask = 2147483647;
			files = (
				4143E238202583EA008492C8 /* Would_You_RatherUITests.swift in Sources */,
			);
			runOnlyForDeploymentPostprocessing = 0;
		};
/* End PBXSourcesBuildPhase section */

/* Begin PBXTargetDependency section */
		4143E22A202583EA008492C8 /* PBXTargetDependency */ = {
			isa = PBXTargetDependency;
			target = 4143E210202583EA008492C8 /* Would You Rather */;
			targetProxy = 4143E229202583EA008492C8 /* PBXContainerItemProxy */;
		};
		4143E235202583EA008492C8 /* PBXTargetDependency */ = {
			isa = PBXTargetDependency;
			target = 4143E210202583EA008492C8 /* Would You Rather */;
			targetProxy = 4143E234202583EA008492C8 /* PBXContainerItemProxy */;
		};
/* End PBXTargetDependency section */

/* Begin PBXVariantGroup section */
		4143E218202583EA008492C8 /* Main.storyboard */ = {
			isa = PBXVariantGroup;
			children = (
				4143E219202583EA008492C8 /* Base */,
			);
			name = Main.storyboard;
			sourceTree = "<group>";
		};
		4143E220202583EA008492C8 /* LaunchScreen.storyboard */ = {
			isa = PBXVariantGroup;
			children = (
				4143E221202583EA008492C8 /* Base */,
			);
			name = LaunchScreen.storyboard;
			sourceTree = "<group>";
		};
/* End PBXVariantGroup section */

/* Begin XCBuildConfiguration section */
		4143E23A202583EA008492C8 /* Debug */ = {
			isa = XCBuildConfiguration;
			buildSettings = {
				ALWAYS_SEARCH_USER_PATHS = NO;
				CLANG_ANALYZER_NONNULL = YES;
				CLANG_ANALYZER_NUMBER_OBJECT_CONVERSION = YES_AGGRESSIVE;
				CLANG_CXX_LANGUAGE_STANDARD = "gnu++14";
				CLANG_CXX_LIBRARY = "libc++";
				CLANG_ENABLE_MODULES = YES;
				CLANG_ENABLE_OBJC_ARC = YES;
				CLANG_WARN_BLOCK_CAPTURE_AUTORELEASING = YES;
				CLANG_WARN_BOOL_CONVERSION = YES;
				CLANG_WARN_COMMA = YES;
				CLANG_WARN_CONSTANT_CONVERSION = YES;
				CLANG_WARN_DIRECT_OBJC_ISA_USAGE = YES_ERROR;
				CLANG_WARN_DOCUMENTATION_COMMENTS = YES;
				CLANG_WARN_EMPTY_BODY = YES;
				CLANG_WARN_ENUM_CONVERSION = YES;
				CLANG_WARN_INFINITE_RECURSION = YES;
				CLANG_WARN_INT_CONVERSION = YES;
				CLANG_WARN_NON_LITERAL_NULL_CONVERSION = YES;
				CLANG_WARN_OBJC_LITERAL_CONVERSION = YES;
				CLANG_WARN_OBJC_ROOT_CLASS = YES_ERROR;
				CLANG_WARN_RANGE_LOOP_ANALYSIS = YES;
				CLANG_WARN_STRICT_PROTOTYPES = YES;
				CLANG_WARN_SUSPICIOUS_MOVE = YES;
				CLANG_WARN_UNGUARDED_AVAILABILITY = YES_AGGRESSIVE;
				CLANG_WARN_UNREACHABLE_CODE = YES;
				CLANG_WARN__DUPLICATE_METHOD_MATCH = YES;
				CODE_SIGN_IDENTITY = "iPhone Developer";
				COPY_PHASE_STRIP = NO;
				DEBUG_INFORMATION_FORMAT = dwarf;
				ENABLE_STRICT_OBJC_MSGSEND = YES;
				ENABLE_TESTABILITY = YES;
				GCC_C_LANGUAGE_STANDARD = gnu11;
				GCC_DYNAMIC_NO_PIC = NO;
				GCC_NO_COMMON_BLOCKS = YES;
				GCC_OPTIMIZATION_LEVEL = 0;
				GCC_PREPROCESSOR_DEFINITIONS = (
					"DEBUG=1",
					"$(inherited)",
				);
				GCC_WARN_64_TO_32_BIT_CONVERSION = YES;
				GCC_WARN_ABOUT_RETURN_TYPE = YES_ERROR;
				GCC_WARN_UNDECLARED_SELECTOR = YES;
				GCC_WARN_UNINITIALIZED_AUTOS = YES_AGGRESSIVE;
				GCC_WARN_UNUSED_FUNCTION = YES;
				GCC_WARN_UNUSED_VARIABLE = YES;
				IPHONEOS_DEPLOYMENT_TARGET = 11.2;
				MTL_ENABLE_DEBUG_INFO = YES;
				ONLY_ACTIVE_ARCH = YES;
				SDKROOT = iphoneos;
				SWIFT_ACTIVE_COMPILATION_CONDITIONS = DEBUG;
				SWIFT_OPTIMIZATION_LEVEL = "-Onone";
			};
			name = Debug;
		};
		4143E23B202583EA008492C8 /* Release */ = {
			isa = XCBuildConfiguration;
			buildSettings = {
				ALWAYS_SEARCH_USER_PATHS = NO;
				CLANG_ANALYZER_NONNULL = YES;
				CLANG_ANALYZER_NUMBER_OBJECT_CONVERSION = YES_AGGRESSIVE;
				CLANG_CXX_LANGUAGE_STANDARD = "gnu++14";
				CLANG_CXX_LIBRARY = "libc++";
				CLANG_ENABLE_MODULES = YES;
				CLANG_ENABLE_OBJC_ARC = YES;
				CLANG_WARN_BLOCK_CAPTURE_AUTORELEASING = YES;
				CLANG_WARN_BOOL_CONVERSION = YES;
				CLANG_WARN_COMMA = YES;
				CLANG_WARN_CONSTANT_CONVERSION = YES;
				CLANG_WARN_DIRECT_OBJC_ISA_USAGE = YES_ERROR;
				CLANG_WARN_DOCUMENTATION_COMMENTS = YES;
				CLANG_WARN_EMPTY_BODY = YES;
				CLANG_WARN_ENUM_CONVERSION = YES;
				CLANG_WARN_INFINITE_RECURSION = YES;
				CLANG_WARN_INT_CONVERSION = YES;
				CLANG_WARN_NON_LITERAL_NULL_CONVERSION = YES;
				CLANG_WARN_OBJC_LITERAL_CONVERSION = YES;
				CLANG_WARN_OBJC_ROOT_CLASS = YES_ERROR;
				CLANG_WARN_RANGE_LOOP_ANALYSIS = YES;
				CLANG_WARN_STRICT_PROTOTYPES = YES;
				CLANG_WARN_SUSPICIOUS_MOVE = YES;
				CLANG_WARN_UNGUARDED_AVAILABILITY = YES_AGGRESSIVE;
				CLANG_WARN_UNREACHABLE_CODE = YES;
				CLANG_WARN__DUPLICATE_METHOD_MATCH = YES;
				CODE_SIGN_IDENTITY = "iPhone Developer";
				COPY_PHASE_STRIP = NO;
				DEBUG_INFORMATION_FORMAT = "dwarf-with-dsym";
				ENABLE_NS_ASSERTIONS = NO;
				ENABLE_STRICT_OBJC_MSGSEND = YES;
				GCC_C_LANGUAGE_STANDARD = gnu11;
				GCC_NO_COMMON_BLOCKS = YES;
				GCC_WARN_64_TO_32_BIT_CONVERSION = YES;
				GCC_WARN_ABOUT_RETURN_TYPE = YES_ERROR;
				GCC_WARN_UNDECLARED_SELECTOR = YES;
				GCC_WARN_UNINITIALIZED_AUTOS = YES_AGGRESSIVE;
				GCC_WARN_UNUSED_FUNCTION = YES;
				GCC_WARN_UNUSED_VARIABLE = YES;
				IPHONEOS_DEPLOYMENT_TARGET = 11.2;
				MTL_ENABLE_DEBUG_INFO = NO;
				SDKROOT = iphoneos;
				SWIFT_OPTIMIZATION_LEVEL = "-Owholemodule";
				VALIDATE_PRODUCT = YES;
			};
			name = Release;
		};
		4143E23D202583EA008492C8 /* Debug */ = {
			isa = XCBuildConfiguration;
			baseConfigurationReference = 4E7F8EA5A485476F1A913ADD /* Pods-Would You Rather.debug.xcconfig */;
			buildSettings = {
				ASSETCATALOG_COMPILER_APPICON_NAME = AppIcon;
				CODE_SIGN_STYLE = Automatic;
				DEVELOPMENT_TEAM = ZJWNZ643CG;
				FRAMEWORK_SEARCH_PATHS = (
					"$(inherited)",
					"$(PROJECT_DIR)",
				);
				INFOPLIST_FILE = "Would You Rather/Info.plist";
				LD_RUNPATH_SEARCH_PATHS = "$(inherited) @executable_path/Frameworks";
				PRODUCT_BUNDLE_IDENTIFIER = "com.BangBangStudios.Would-You-Rather";
				PRODUCT_NAME = "$(TARGET_NAME)";
				SWIFT_OBJC_BRIDGING_HEADER = "Bridging-Header.h";
				SWIFT_VERSION = 4.0;
				TARGETED_DEVICE_FAMILY = "1,2";
			};
			name = Debug;
		};
		4143E23E202583EA008492C8 /* Release */ = {
			isa = XCBuildConfiguration;
			baseConfigurationReference = 933A220340772872BCAC5C5D /* Pods-Would You Rather.release.xcconfig */;
			buildSettings = {
				ASSETCATALOG_COMPILER_APPICON_NAME = AppIcon;
				CODE_SIGN_STYLE = Automatic;
				DEVELOPMENT_TEAM = ZJWNZ643CG;
				FRAMEWORK_SEARCH_PATHS = (
					"$(inherited)",
					"$(PROJECT_DIR)",
				);
				INFOPLIST_FILE = "Would You Rather/Info.plist";
				LD_RUNPATH_SEARCH_PATHS = "$(inherited) @executable_path/Frameworks";
				PRODUCT_BUNDLE_IDENTIFIER = "com.BangBangStudios.Would-You-Rather";
				PRODUCT_NAME = "$(TARGET_NAME)";
				SWIFT_OBJC_BRIDGING_HEADER = "Bridging-Header.h";
				SWIFT_VERSION = 4.0;
				TARGETED_DEVICE_FAMILY = "1,2";
			};
			name = Release;
		};
		4143E240202583EA008492C8 /* Debug */ = {
			isa = XCBuildConfiguration;
			baseConfigurationReference = 13341EC1AB55EA2F7BC55DCF /* Pods-Would You RatherTests.debug.xcconfig */;
			buildSettings = {
				ALWAYS_EMBED_SWIFT_STANDARD_LIBRARIES = YES;
				BUNDLE_LOADER = "$(TEST_HOST)";
				CODE_SIGN_STYLE = Automatic;
				DEVELOPMENT_TEAM = ZJWNZ643CG;
				INFOPLIST_FILE = "Would You RatherTests/Info.plist";
				LD_RUNPATH_SEARCH_PATHS = "$(inherited) @executable_path/Frameworks @loader_path/Frameworks";
				PRODUCT_BUNDLE_IDENTIFIER = "com.BangBangStudios.Would-You-RatherTests";
				PRODUCT_NAME = "$(TARGET_NAME)";
				SWIFT_VERSION = 4.0;
				TARGETED_DEVICE_FAMILY = "1,2";
				TEST_HOST = "$(BUILT_PRODUCTS_DIR)/Would You Rather.app/Would You Rather";
			};
			name = Debug;
		};
		4143E241202583EA008492C8 /* Release */ = {
			isa = XCBuildConfiguration;
			baseConfigurationReference = 20ABB50F0B6CD202B4C4545D /* Pods-Would You RatherTests.release.xcconfig */;
			buildSettings = {
				ALWAYS_EMBED_SWIFT_STANDARD_LIBRARIES = YES;
				BUNDLE_LOADER = "$(TEST_HOST)";
				CODE_SIGN_STYLE = Automatic;
				DEVELOPMENT_TEAM = ZJWNZ643CG;
				INFOPLIST_FILE = "Would You RatherTests/Info.plist";
				LD_RUNPATH_SEARCH_PATHS = "$(inherited) @executable_path/Frameworks @loader_path/Frameworks";
				PRODUCT_BUNDLE_IDENTIFIER = "com.BangBangStudios.Would-You-RatherTests";
				PRODUCT_NAME = "$(TARGET_NAME)";
				SWIFT_VERSION = 4.0;
				TARGETED_DEVICE_FAMILY = "1,2";
				TEST_HOST = "$(BUILT_PRODUCTS_DIR)/Would You Rather.app/Would You Rather";
			};
			name = Release;
		};
		4143E243202583EA008492C8 /* Debug */ = {
			isa = XCBuildConfiguration;
			baseConfigurationReference = 9446AA8347CDF4FA6D860450 /* Pods-Would You RatherUITests.debug.xcconfig */;
			buildSettings = {
				ALWAYS_EMBED_SWIFT_STANDARD_LIBRARIES = YES;
				CODE_SIGN_STYLE = Automatic;
				DEVELOPMENT_TEAM = ZJWNZ643CG;
				INFOPLIST_FILE = "Would You RatherUITests/Info.plist";
				LD_RUNPATH_SEARCH_PATHS = "$(inherited) @executable_path/Frameworks @loader_path/Frameworks";
				PRODUCT_BUNDLE_IDENTIFIER = "com.BangBangStudios.Would-You-RatherUITests";
				PRODUCT_NAME = "$(TARGET_NAME)";
				SWIFT_VERSION = 4.0;
				TARGETED_DEVICE_FAMILY = "1,2";
				TEST_TARGET_NAME = "Would You Rather";
			};
			name = Debug;
		};
		4143E244202583EA008492C8 /* Release */ = {
			isa = XCBuildConfiguration;
			baseConfigurationReference = 33BCABA85E87A3712EF74723 /* Pods-Would You RatherUITests.release.xcconfig */;
			buildSettings = {
				ALWAYS_EMBED_SWIFT_STANDARD_LIBRARIES = YES;
				CODE_SIGN_STYLE = Automatic;
				DEVELOPMENT_TEAM = ZJWNZ643CG;
				INFOPLIST_FILE = "Would You RatherUITests/Info.plist";
				LD_RUNPATH_SEARCH_PATHS = "$(inherited) @executable_path/Frameworks @loader_path/Frameworks";
				PRODUCT_BUNDLE_IDENTIFIER = "com.BangBangStudios.Would-You-RatherUITests";
				PRODUCT_NAME = "$(TARGET_NAME)";
				SWIFT_VERSION = 4.0;
				TARGETED_DEVICE_FAMILY = "1,2";
				TEST_TARGET_NAME = "Would You Rather";
			};
			name = Release;
		};
/* End XCBuildConfiguration section */

/* Begin XCConfigurationList section */
		4143E20C202583EA008492C8 /* Build configuration list for PBXProject "Would You Rather" */ = {
			isa = XCConfigurationList;
			buildConfigurations = (
				4143E23A202583EA008492C8 /* Debug */,
				4143E23B202583EA008492C8 /* Release */,
			);
			defaultConfigurationIsVisible = 0;
			defaultConfigurationName = Release;
		};
		4143E23C202583EA008492C8 /* Build configuration list for PBXNativeTarget "Would You Rather" */ = {
			isa = XCConfigurationList;
			buildConfigurations = (
				4143E23D202583EA008492C8 /* Debug */,
				4143E23E202583EA008492C8 /* Release */,
			);
			defaultConfigurationIsVisible = 0;
			defaultConfigurationName = Release;
		};
		4143E23F202583EA008492C8 /* Build configuration list for PBXNativeTarget "Would You RatherTests" */ = {
			isa = XCConfigurationList;
			buildConfigurations = (
				4143E240202583EA008492C8 /* Debug */,
				4143E241202583EA008492C8 /* Release */,
			);
			defaultConfigurationIsVisible = 0;
			defaultConfigurationName = Release;
		};
		4143E242202583EA008492C8 /* Build configuration list for PBXNativeTarget "Would You RatherUITests" */ = {
			isa = XCConfigurationList;
			buildConfigurations = (
				4143E243202583EA008492C8 /* Debug */,
				4143E244202583EA008492C8 /* Release */,
			);
			defaultConfigurationIsVisible = 0;
			defaultConfigurationName = Release;
		};
/* End XCConfigurationList section */

/* Begin XCVersionGroup section */
		4143E21B202583EA008492C8 /* Would_You_Rather.xcdatamodeld */ = {
			isa = XCVersionGroup;
			children = (
				4143E21C202583EA008492C8 /* Would_You_Rather.xcdatamodel */,
			);
			currentVersion = 4143E21C202583EA008492C8 /* Would_You_Rather.xcdatamodel */;
			path = Would_You_Rather.xcdatamodeld;
			sourceTree = "<group>";
			versionGroupType = wrapper.xcdatamodel;
		};
/* End XCVersionGroup section */
	};
	rootObject = 4143E209202583EA008492C8 /* Project object */;
}
