// !$*UTF8*$!
{
	archiveVersion = 1;
	classes = {
	};
	objectVersion = 48;
	objects = {

/* Begin PBXBuildFile section */
		1ADE99FE3584001CD36B71D7 /* Pods_Would_You_Rather.framework in Frameworks */ = {isa = PBXBuildFile; fileRef = 24895057A0DE0ACDDC1A047F /* Pods_Would_You_Rather.framework */; };
		41047FA2202B36F10002B96F /* CateogryTemplate.json in Resources */ = {isa = PBXBuildFile; fileRef = 41047FA1202B36F10002B96F /* CateogryTemplate.json */; };
		410F5CED20B6A88800BCA8B9 /* WWYR-History.json in Resources */ = {isa = PBXBuildFile; fileRef = 410F5CEC20B6A88800BCA8B9 /* WWYR-History.json */; };
		410F5CF720B7838100BCA8B9 /* Matchfile in Resources */ = {isa = PBXBuildFile; fileRef = 410F5CEF20B7838000BCA8B9 /* Matchfile */; };
		410F5CF820B7838100BCA8B9 /* Deliverfile in Resources */ = {isa = PBXBuildFile; fileRef = 410F5CF020B7838000BCA8B9 /* Deliverfile */; };
		410F5CF920B7838100BCA8B9 /* Appfile in Resources */ = {isa = PBXBuildFile; fileRef = 410F5CF120B7838000BCA8B9 /* Appfile */; };
		410F5CFA20B7838100BCA8B9 /* devices.txt in Resources */ = {isa = PBXBuildFile; fileRef = 410F5CF220B7838000BCA8B9 /* devices.txt */; };
		410F5CFB20B7838100BCA8B9 /* Gymfile in Resources */ = {isa = PBXBuildFile; fileRef = 410F5CF320B7838000BCA8B9 /* Gymfile */; };
		410F5CFC20B7838100BCA8B9 /* Fastfile in Resources */ = {isa = PBXBuildFile; fileRef = 410F5CF420B7838000BCA8B9 /* Fastfile */; };
		410F5CFD20B7838100BCA8B9 /* Scanfile in Resources */ = {isa = PBXBuildFile; fileRef = 410F5CF520B7838000BCA8B9 /* Scanfile */; };
		410F5CFE20B7838100BCA8B9 /* Snapfile in Resources */ = {isa = PBXBuildFile; fileRef = 410F5CF620B7838100BCA8B9 /* Snapfile */; };
		410F5D0120B783AD00BCA8B9 /* keyword.strings in Resources */ = {isa = PBXBuildFile; fileRef = 410F5CFF20B783AC00BCA8B9 /* keyword.strings */; };
		410F5D0220B783AD00BCA8B9 /* title.strings in Resources */ = {isa = PBXBuildFile; fileRef = 410F5D0020B783AD00BCA8B9 /* title.strings */; };
		410F5D0420B783B800BCA8B9 /* Framefile.json in Resources */ = {isa = PBXBuildFile; fileRef = 410F5D0320B783B800BCA8B9 /* Framefile.json */; };
		410F5D2A20B783E800BCA8B9 /* primary_category.txt in Resources */ = {isa = PBXBuildFile; fileRef = 410F5D0620B783E300BCA8B9 /* primary_category.txt */; };
		410F5D2B20B783E800BCA8B9 /* release_notes.txt in Resources */ = {isa = PBXBuildFile; fileRef = 410F5D0720B783E400BCA8B9 /* release_notes.txt */; };
		410F5D2C20B783E800BCA8B9 /* secondary_first_sub_category.txt in Resources */ = {isa = PBXBuildFile; fileRef = 410F5D0820B783E400BCA8B9 /* secondary_first_sub_category.txt */; };
		410F5D2D20B783E800BCA8B9 /* description.txt in Resources */ = {isa = PBXBuildFile; fileRef = 410F5D0920B783E400BCA8B9 /* description.txt */; };
		410F5D2E20B783E800BCA8B9 /* name.txt in Resources */ = {isa = PBXBuildFile; fileRef = 410F5D0A20B783E400BCA8B9 /* name.txt */; };
		410F5D2F20B783E800BCA8B9 /* primary_second_sub_category.txt in Resources */ = {isa = PBXBuildFile; fileRef = 410F5D0B20B783E400BCA8B9 /* primary_second_sub_category.txt */; };
		410F5D3020B783E800BCA8B9 /* trade_name.txt in Resources */ = {isa = PBXBuildFile; fileRef = 410F5D0C20B783E400BCA8B9 /* trade_name.txt */; };
		410F5D3120B783E800BCA8B9 /* keywords.txt in Resources */ = {isa = PBXBuildFile; fileRef = 410F5D0D20B783E400BCA8B9 /* keywords.txt */; };
		410F5D3220B783E800BCA8B9 /* first_name.txt in Resources */ = {isa = PBXBuildFile; fileRef = 410F5D0E20B783E400BCA8B9 /* first_name.txt */; };
		410F5D3320B783E800BCA8B9 /* demo_user.txt in Resources */ = {isa = PBXBuildFile; fileRef = 410F5D0F20B783E400BCA8B9 /* demo_user.txt */; };
		410F5D3420B783E800BCA8B9 /* email_address.txt in Resources */ = {isa = PBXBuildFile; fileRef = 410F5D1020B783E400BCA8B9 /* email_address.txt */; };
		410F5D3520B783E800BCA8B9 /* secondary_category.txt in Resources */ = {isa = PBXBuildFile; fileRef = 410F5D1120B783E500BCA8B9 /* secondary_category.txt */; };
		410F5D3620B783E800BCA8B9 /* country.txt in Resources */ = {isa = PBXBuildFile; fileRef = 410F5D1220B783E500BCA8B9 /* country.txt */; };
		410F5D3720B783E800BCA8B9 /* subtitle.txt in Resources */ = {isa = PBXBuildFile; fileRef = 410F5D1320B783E500BCA8B9 /* subtitle.txt */; };
		410F5D3820B783E800BCA8B9 /* notes.txt in Resources */ = {isa = PBXBuildFile; fileRef = 410F5D1420B783E500BCA8B9 /* notes.txt */; };
		410F5D3920B783E800BCA8B9 /* phone_number.txt in Resources */ = {isa = PBXBuildFile; fileRef = 410F5D1520B783E500BCA8B9 /* phone_number.txt */; };
		410F5D3A20B783E800BCA8B9 /* demo_password.txt in Resources */ = {isa = PBXBuildFile; fileRef = 410F5D1620B783E500BCA8B9 /* demo_password.txt */; };
		410F5D3B20B783E800BCA8B9 /* privacy_url.txt in Resources */ = {isa = PBXBuildFile; fileRef = 410F5D1720B783E500BCA8B9 /* privacy_url.txt */; };
		410F5D3C20B783E800BCA8B9 /* primary_first_sub_category.txt in Resources */ = {isa = PBXBuildFile; fileRef = 410F5D1820B783E500BCA8B9 /* primary_first_sub_category.txt */; };
		410F5D3D20B783E800BCA8B9 /* promotional_text.txt in Resources */ = {isa = PBXBuildFile; fileRef = 410F5D1920B783E500BCA8B9 /* promotional_text.txt */; };
		410F5D3E20B783E800BCA8B9 /* secondary_second_sub_category.txt in Resources */ = {isa = PBXBuildFile; fileRef = 410F5D1A20B783E500BCA8B9 /* secondary_second_sub_category.txt */; };
		410F5D3F20B783E800BCA8B9 /* state.txt in Resources */ = {isa = PBXBuildFile; fileRef = 410F5D1B20B783E600BCA8B9 /* state.txt */; };
		410F5D4020B783E800BCA8B9 /* last_name.txt in Resources */ = {isa = PBXBuildFile; fileRef = 410F5D1C20B783E600BCA8B9 /* last_name.txt */; };
		410F5D4120B783E800BCA8B9 /* address_line1.txt in Resources */ = {isa = PBXBuildFile; fileRef = 410F5D1D20B783E600BCA8B9 /* address_line1.txt */; };
		410F5D4220B783E800BCA8B9 /* is_displayed_on_app_store.txt in Resources */ = {isa = PBXBuildFile; fileRef = 410F5D1E20B783E600BCA8B9 /* is_displayed_on_app_store.txt */; };
		410F5D4320B783E800BCA8B9 /* support_url.txt in Resources */ = {isa = PBXBuildFile; fileRef = 410F5D1F20B783E600BCA8B9 /* support_url.txt */; };
		410F5D4420B783E800BCA8B9 /* address_line3.txt in Resources */ = {isa = PBXBuildFile; fileRef = 410F5D2020B783E600BCA8B9 /* address_line3.txt */; };
		410F5D4520B783E800BCA8B9 /* address_line2.txt in Resources */ = {isa = PBXBuildFile; fileRef = 410F5D2120B783E600BCA8B9 /* address_line2.txt */; };
		410F5D4620B783E800BCA8B9 /* city_name.txt in Resources */ = {isa = PBXBuildFile; fileRef = 410F5D2220B783E700BCA8B9 /* city_name.txt */; };
		410F5D4720B783E800BCA8B9 /* last_name.txt in Resources */ = {isa = PBXBuildFile; fileRef = 410F5D2320B783E700BCA8B9 /* last_name.txt */; };
		410F5D4820B783E800BCA8B9 /* postal_code.txt in Resources */ = {isa = PBXBuildFile; fileRef = 410F5D2420B783E700BCA8B9 /* postal_code.txt */; };
		410F5D4920B783E800BCA8B9 /* copyright.txt in Resources */ = {isa = PBXBuildFile; fileRef = 410F5D2520B783E700BCA8B9 /* copyright.txt */; };
		410F5D4A20B783E800BCA8B9 /* email_address.txt in Resources */ = {isa = PBXBuildFile; fileRef = 410F5D2620B783E700BCA8B9 /* email_address.txt */; };
		410F5D4B20B783E800BCA8B9 /* phone_number.txt in Resources */ = {isa = PBXBuildFile; fileRef = 410F5D2720B783E700BCA8B9 /* phone_number.txt */; };
		410F5D4C20B783E800BCA8B9 /* first_name.txt in Resources */ = {isa = PBXBuildFile; fileRef = 410F5D2820B783E700BCA8B9 /* first_name.txt */; };
		410F5D4D20B783E800BCA8B9 /* marketing_url.txt in Resources */ = {isa = PBXBuildFile; fileRef = 410F5D2920B783E800BCA8B9 /* marketing_url.txt */; };
		410F5DB320B7FE1700BCA8B9 /* Database.swift in Sources */ = {isa = PBXBuildFile; fileRef = 410F5DB220B7FE1700BCA8B9 /* Database.swift */; };
		41273891209FCBEF00E097EF /* SnapshotHelper.swift in Sources */ = {isa = PBXBuildFile; fileRef = 41273890209FCBEF00E097EF /* SnapshotHelper.swift */; };
		4127389320A04C3400E097EF /* Assets.xcassets in Resources */ = {isa = PBXBuildFile; fileRef = 4127389220A04C3400E097EF /* Assets.xcassets */; };
		4143E215202583EA008492C8 /* AppDelegate.swift in Sources */ = {isa = PBXBuildFile; fileRef = 4143E214202583EA008492C8 /* AppDelegate.swift */; };
		4143E217202583EA008492C8 /* ViewController.swift in Sources */ = {isa = PBXBuildFile; fileRef = 4143E216202583EA008492C8 /* ViewController.swift */; };
		4143E21A202583EA008492C8 /* Main.storyboard in Resources */ = {isa = PBXBuildFile; fileRef = 4143E218202583EA008492C8 /* Main.storyboard */; };
		4143E21D202583EA008492C8 /* Would_You_Rather.xcdatamodeld in Sources */ = {isa = PBXBuildFile; fileRef = 4143E21B202583EA008492C8 /* Would_You_Rather.xcdatamodeld */; };
		4143E222202583EA008492C8 /* LaunchScreen.storyboard in Resources */ = {isa = PBXBuildFile; fileRef = 4143E220202583EA008492C8 /* LaunchScreen.storyboard */; };
		4143E22D202583EA008492C8 /* Would_You_RatherTests.swift in Sources */ = {isa = PBXBuildFile; fileRef = 4143E22C202583EA008492C8 /* Would_You_RatherTests.swift */; };
		4143E238202583EA008492C8 /* Would_You_RatherUITests.swift in Sources */ = {isa = PBXBuildFile; fileRef = 4143E237202583EA008492C8 /* Would_You_RatherUITests.swift */; };
		4143E246202586A8008492C8 /* Question.swift in Sources */ = {isa = PBXBuildFile; fileRef = 4143E245202586A8008492C8 /* Question.swift */; };
		4143E24820258B6A008492C8 /* Details.rtf in Resources */ = {isa = PBXBuildFile; fileRef = 4143E24720258B6A008492C8 /* Details.rtf */; };
		4148614C202654C4007AFA25 /* annoying.json in Resources */ = {isa = PBXBuildFile; fileRef = 4148614B202654C4007AFA25 /* annoying.json */; };
		415334EC20B4C73600E32967 /* HistoryTableViewController.swift in Sources */ = {isa = PBXBuildFile; fileRef = 415334EB20B4C73600E32967 /* HistoryTableViewController.swift */; };
		415334EE20B5582500E32967 /* HistoryTableViewCell.swift in Sources */ = {isa = PBXBuildFile; fileRef = 415334ED20B5582500E32967 /* HistoryTableViewCell.swift */; };
		417421EB202647FF00BFC6D7 /* romance.json in Resources */ = {isa = PBXBuildFile; fileRef = 417421EA202647FF00BFC6D7 /* romance.json */; };
		417421F32026495A00BFC6D7 /* gross.json in Resources */ = {isa = PBXBuildFile; fileRef = 417421F22026495A00BFC6D7 /* gross.json */; };
		417421F52026498B00BFC6D7 /* pain.json in Resources */ = {isa = PBXBuildFile; fileRef = 417421F42026498B00BFC6D7 /* pain.json */; };
		417421F920264A3E00BFC6D7 /* technology.json in Resources */ = {isa = PBXBuildFile; fileRef = 417421F820264A3E00BFC6D7 /* technology.json */; };
		418D25D32026579900DBA2BE /* embarrassing.json in Resources */ = {isa = PBXBuildFile; fileRef = 418D25D22026579900DBA2BE /* embarrassing.json */; };
		41BE2A0520B9475B00D88AC1 /* MainViewController.swift in Sources */ = {isa = PBXBuildFile; fileRef = 41BE2A0420B9475B00D88AC1 /* MainViewController.swift */; };
		41BE2A0720B9685900D88AC1 /* OptionsViewController.swift in Sources */ = {isa = PBXBuildFile; fileRef = 41BE2A0620B9685900D88AC1 /* OptionsViewController.swift */; };
		41DA814E2025F10900587668 /* WouldYouRather.json in Resources */ = {isa = PBXBuildFile; fileRef = 41DA814D2025F10900587668 /* WouldYouRather.json */; };
		41E34CA6202620B3003B4AE7 /* GlobalVariables.swift in Sources */ = {isa = PBXBuildFile; fileRef = 41E34CA5202620B3003B4AE7 /* GlobalVariables.swift */; };
		41E34CA82026210D003B4AE7 /* Structures.swift in Sources */ = {isa = PBXBuildFile; fileRef = 41E34CA72026210D003B4AE7 /* Structures.swift */; };
		5FD3FA9FA77C4685A068FB47 /* Pods_Would_You_RatherUITests.framework in Frameworks */ = {isa = PBXBuildFile; fileRef = 0860475613ABC758BE2BA85A /* Pods_Would_You_RatherUITests.framework */; };
		AF839065E3BE0AEF498DDEBB /* Pods_Would_You_RatherTests.framework in Frameworks */ = {isa = PBXBuildFile; fileRef = C03423D79C94CFBA8DABC605 /* Pods_Would_You_RatherTests.framework */; };
/* End PBXBuildFile section */

/* Begin PBXContainerItemProxy section */
		4143E229202583EA008492C8 /* PBXContainerItemProxy */ = {
			isa = PBXContainerItemProxy;
			containerPortal = 4143E209202583EA008492C8 /* Project object */;
			proxyType = 1;
			remoteGlobalIDString = 4143E210202583EA008492C8;
			remoteInfo = "Would You Rather";
		};
		4143E234202583EA008492C8 /* PBXContainerItemProxy */ = {
			isa = PBXContainerItemProxy;
			containerPortal = 4143E209202583EA008492C8 /* Project object */;
			proxyType = 1;
			remoteGlobalIDString = 4143E210202583EA008492C8;
			remoteInfo = "Would You Rather";
		};
/* End PBXContainerItemProxy section */

/* Begin PBXFileReference section */
		0860475613ABC758BE2BA85A /* Pods_Would_You_RatherUITests.framework */ = {isa = PBXFileReference; explicitFileType = wrapper.framework; includeInIndex = 0; path = Pods_Would_You_RatherUITests.framework; sourceTree = BUILT_PRODUCTS_DIR; };
		13341EC1AB55EA2F7BC55DCF /* Pods-Would You RatherTests.debug.xcconfig */ = {isa = PBXFileReference; includeInIndex = 1; lastKnownFileType = text.xcconfig; name = "Pods-Would You RatherTests.debug.xcconfig"; path = "Pods/Target Support Files/Pods-Would You RatherTests/Pods-Would You RatherTests.debug.xcconfig"; sourceTree = "<group>"; };
		20ABB50F0B6CD202B4C4545D /* Pods-Would You RatherTests.release.xcconfig */ = {isa = PBXFileReference; includeInIndex = 1; lastKnownFileType = text.xcconfig; name = "Pods-Would You RatherTests.release.xcconfig"; path = "Pods/Target Support Files/Pods-Would You RatherTests/Pods-Would You RatherTests.release.xcconfig"; sourceTree = "<group>"; };
		24895057A0DE0ACDDC1A047F /* Pods_Would_You_Rather.framework */ = {isa = PBXFileReference; explicitFileType = wrapper.framework; includeInIndex = 0; path = Pods_Would_You_Rather.framework; sourceTree = BUILT_PRODUCTS_DIR; };
		33BCABA85E87A3712EF74723 /* Pods-Would You RatherUITests.release.xcconfig */ = {isa = PBXFileReference; includeInIndex = 1; lastKnownFileType = text.xcconfig; name = "Pods-Would You RatherUITests.release.xcconfig"; path = "Pods/Target Support Files/Pods-Would You RatherUITests/Pods-Would You RatherUITests.release.xcconfig"; sourceTree = "<group>"; };
		41047FA1202B36F10002B96F /* CateogryTemplate.json */ = {isa = PBXFileReference; lastKnownFileType = text.json; path = CateogryTemplate.json; sourceTree = "<group>"; };
		410F5CEC20B6A88800BCA8B9 /* WWYR-History.json */ = {isa = PBXFileReference; lastKnownFileType = text.json; path = "WWYR-History.json"; sourceTree = "<group>"; };
		410F5CEF20B7838000BCA8B9 /* Matchfile */ = {isa = PBXFileReference; fileEncoding = 4; lastKnownFileType = text; name = Matchfile; path = fastlane/Matchfile; sourceTree = SOURCE_ROOT; };
		410F5CF020B7838000BCA8B9 /* Deliverfile */ = {isa = PBXFileReference; fileEncoding = 4; lastKnownFileType = text; name = Deliverfile; path = fastlane/Deliverfile; sourceTree = SOURCE_ROOT; };
		410F5CF120B7838000BCA8B9 /* Appfile */ = {isa = PBXFileReference; fileEncoding = 4; lastKnownFileType = text; name = Appfile; path = fastlane/Appfile; sourceTree = SOURCE_ROOT; };
		410F5CF220B7838000BCA8B9 /* devices.txt */ = {isa = PBXFileReference; fileEncoding = 4; lastKnownFileType = text; name = devices.txt; path = fastlane/devices.txt; sourceTree = SOURCE_ROOT; };
		410F5CF320B7838000BCA8B9 /* Gymfile */ = {isa = PBXFileReference; fileEncoding = 4; lastKnownFileType = text; name = Gymfile; path = fastlane/Gymfile; sourceTree = SOURCE_ROOT; };
		410F5CF420B7838000BCA8B9 /* Fastfile */ = {isa = PBXFileReference; fileEncoding = 4; lastKnownFileType = text; name = Fastfile; path = fastlane/Fastfile; sourceTree = SOURCE_ROOT; };
		410F5CF520B7838000BCA8B9 /* Scanfile */ = {isa = PBXFileReference; fileEncoding = 4; lastKnownFileType = text; name = Scanfile; path = fastlane/Scanfile; sourceTree = SOURCE_ROOT; };
		410F5CF620B7838100BCA8B9 /* Snapfile */ = {isa = PBXFileReference; fileEncoding = 4; lastKnownFileType = text; name = Snapfile; path = fastlane/Snapfile; sourceTree = SOURCE_ROOT; };
		410F5CFF20B783AC00BCA8B9 /* keyword.strings */ = {isa = PBXFileReference; fileEncoding = 4; lastKnownFileType = text.plist.strings; name = keyword.strings; path = "fastlane/screenshots/en-US/keyword.strings"; sourceTree = SOURCE_ROOT; };
		410F5D0020B783AD00BCA8B9 /* title.strings */ = {isa = PBXFileReference; fileEncoding = 4; lastKnownFileType = text.plist.strings; name = title.strings; path = "fastlane/screenshots/en-US/title.strings"; sourceTree = SOURCE_ROOT; };
		410F5D0320B783B800BCA8B9 /* Framefile.json */ = {isa = PBXFileReference; fileEncoding = 4; lastKnownFileType = text.json; name = Framefile.json; path = fastlane/screenshots/Framefile.json; sourceTree = SOURCE_ROOT; };
		410F5D0620B783E300BCA8B9 /* primary_category.txt */ = {isa = PBXFileReference; fileEncoding = 4; lastKnownFileType = text; name = primary_category.txt; path = fastlane/metadata/primary_category.txt; sourceTree = SOURCE_ROOT; };
		410F5D0720B783E400BCA8B9 /* release_notes.txt */ = {isa = PBXFileReference; fileEncoding = 4; lastKnownFileType = text; name = release_notes.txt; path = "fastlane/metadata/en-US/release_notes.txt"; sourceTree = SOURCE_ROOT; };
		410F5D0820B783E400BCA8B9 /* secondary_first_sub_category.txt */ = {isa = PBXFileReference; fileEncoding = 4; lastKnownFileType = text; name = secondary_first_sub_category.txt; path = fastlane/metadata/secondary_first_sub_category.txt; sourceTree = SOURCE_ROOT; };
		410F5D0920B783E400BCA8B9 /* description.txt */ = {isa = PBXFileReference; fileEncoding = 4; lastKnownFileType = text; name = description.txt; path = "fastlane/metadata/en-US/description.txt"; sourceTree = SOURCE_ROOT; };
		410F5D0A20B783E400BCA8B9 /* name.txt */ = {isa = PBXFileReference; fileEncoding = 4; lastKnownFileType = text; name = name.txt; path = "fastlane/metadata/en-US/name.txt"; sourceTree = SOURCE_ROOT; };
		410F5D0B20B783E400BCA8B9 /* primary_second_sub_category.txt */ = {isa = PBXFileReference; fileEncoding = 4; lastKnownFileType = text; name = primary_second_sub_category.txt; path = fastlane/metadata/primary_second_sub_category.txt; sourceTree = SOURCE_ROOT; };
		410F5D0C20B783E400BCA8B9 /* trade_name.txt */ = {isa = PBXFileReference; fileEncoding = 4; lastKnownFileType = text; name = trade_name.txt; path = fastlane/metadata/trade_representative_contact_information/trade_name.txt; sourceTree = SOURCE_ROOT; };
		410F5D0D20B783E400BCA8B9 /* keywords.txt */ = {isa = PBXFileReference; fileEncoding = 4; lastKnownFileType = text; name = keywords.txt; path = "fastlane/metadata/en-US/keywords.txt"; sourceTree = SOURCE_ROOT; };
		410F5D0E20B783E400BCA8B9 /* first_name.txt */ = {isa = PBXFileReference; fileEncoding = 4; lastKnownFileType = text; name = first_name.txt; path = fastlane/metadata/review_information/first_name.txt; sourceTree = SOURCE_ROOT; };
		410F5D0F20B783E400BCA8B9 /* demo_user.txt */ = {isa = PBXFileReference; fileEncoding = 4; lastKnownFileType = text; name = demo_user.txt; path = fastlane/metadata/review_information/demo_user.txt; sourceTree = SOURCE_ROOT; };
		410F5D1020B783E400BCA8B9 /* email_address.txt */ = {isa = PBXFileReference; fileEncoding = 4; lastKnownFileType = text; name = email_address.txt; path = fastlane/metadata/trade_representative_contact_information/email_address.txt; sourceTree = SOURCE_ROOT; };
		410F5D1120B783E500BCA8B9 /* secondary_category.txt */ = {isa = PBXFileReference; fileEncoding = 4; lastKnownFileType = text; name = secondary_category.txt; path = fastlane/metadata/secondary_category.txt; sourceTree = SOURCE_ROOT; };
		410F5D1220B783E500BCA8B9 /* country.txt */ = {isa = PBXFileReference; fileEncoding = 4; lastKnownFileType = text; name = country.txt; path = fastlane/metadata/trade_representative_contact_information/country.txt; sourceTree = SOURCE_ROOT; };
		410F5D1320B783E500BCA8B9 /* subtitle.txt */ = {isa = PBXFileReference; fileEncoding = 4; lastKnownFileType = text; name = subtitle.txt; path = "fastlane/metadata/en-US/subtitle.txt"; sourceTree = SOURCE_ROOT; };
		410F5D1420B783E500BCA8B9 /* notes.txt */ = {isa = PBXFileReference; fileEncoding = 4; lastKnownFileType = text; name = notes.txt; path = fastlane/metadata/review_information/notes.txt; sourceTree = SOURCE_ROOT; };
		410F5D1520B783E500BCA8B9 /* phone_number.txt */ = {isa = PBXFileReference; fileEncoding = 4; lastKnownFileType = text; name = phone_number.txt; path = fastlane/metadata/review_information/phone_number.txt; sourceTree = SOURCE_ROOT; };
		410F5D1620B783E500BCA8B9 /* demo_password.txt */ = {isa = PBXFileReference; fileEncoding = 4; lastKnownFileType = text; name = demo_password.txt; path = fastlane/metadata/review_information/demo_password.txt; sourceTree = SOURCE_ROOT; };
		410F5D1720B783E500BCA8B9 /* privacy_url.txt */ = {isa = PBXFileReference; fileEncoding = 4; lastKnownFileType = text; name = privacy_url.txt; path = "fastlane/metadata/en-US/privacy_url.txt"; sourceTree = SOURCE_ROOT; };
		410F5D1820B783E500BCA8B9 /* primary_first_sub_category.txt */ = {isa = PBXFileReference; fileEncoding = 4; lastKnownFileType = text; name = primary_first_sub_category.txt; path = fastlane/metadata/primary_first_sub_category.txt; sourceTree = SOURCE_ROOT; };
		410F5D1920B783E500BCA8B9 /* promotional_text.txt */ = {isa = PBXFileReference; fileEncoding = 4; lastKnownFileType = text; name = promotional_text.txt; path = "fastlane/metadata/en-US/promotional_text.txt"; sourceTree = SOURCE_ROOT; };
		410F5D1A20B783E500BCA8B9 /* secondary_second_sub_category.txt */ = {isa = PBXFileReference; fileEncoding = 4; lastKnownFileType = text; name = secondary_second_sub_category.txt; path = fastlane/metadata/secondary_second_sub_category.txt; sourceTree = SOURCE_ROOT; };
		410F5D1B20B783E600BCA8B9 /* state.txt */ = {isa = PBXFileReference; fileEncoding = 4; lastKnownFileType = text; name = state.txt; path = fastlane/metadata/trade_representative_contact_information/state.txt; sourceTree = SOURCE_ROOT; };
		410F5D1C20B783E600BCA8B9 /* last_name.txt */ = {isa = PBXFileReference; fileEncoding = 4; lastKnownFileType = text; name = last_name.txt; path = fastlane/metadata/trade_representative_contact_information/last_name.txt; sourceTree = SOURCE_ROOT; };
		410F5D1D20B783E600BCA8B9 /* address_line1.txt */ = {isa = PBXFileReference; fileEncoding = 4; lastKnownFileType = text; name = address_line1.txt; path = fastlane/metadata/trade_representative_contact_information/address_line1.txt; sourceTree = SOURCE_ROOT; };
		410F5D1E20B783E600BCA8B9 /* is_displayed_on_app_store.txt */ = {isa = PBXFileReference; fileEncoding = 4; lastKnownFileType = text; name = is_displayed_on_app_store.txt; path = fastlane/metadata/trade_representative_contact_information/is_displayed_on_app_store.txt; sourceTree = SOURCE_ROOT; };
		410F5D1F20B783E600BCA8B9 /* support_url.txt */ = {isa = PBXFileReference; fileEncoding = 4; lastKnownFileType = text; name = support_url.txt; path = "fastlane/metadata/en-US/support_url.txt"; sourceTree = SOURCE_ROOT; };
		410F5D2020B783E600BCA8B9 /* address_line3.txt */ = {isa = PBXFileReference; fileEncoding = 4; lastKnownFileType = text; name = address_line3.txt; path = fastlane/metadata/trade_representative_contact_information/address_line3.txt; sourceTree = SOURCE_ROOT; };
		410F5D2120B783E600BCA8B9 /* address_line2.txt */ = {isa = PBXFileReference; fileEncoding = 4; lastKnownFileType = text; name = address_line2.txt; path = fastlane/metadata/trade_representative_contact_information/address_line2.txt; sourceTree = SOURCE_ROOT; };
		410F5D2220B783E700BCA8B9 /* city_name.txt */ = {isa = PBXFileReference; fileEncoding = 4; lastKnownFileType = text; name = city_name.txt; path = fastlane/metadata/trade_representative_contact_information/city_name.txt; sourceTree = SOURCE_ROOT; };
		410F5D2320B783E700BCA8B9 /* last_name.txt */ = {isa = PBXFileReference; fileEncoding = 4; lastKnownFileType = text; name = last_name.txt; path = fastlane/metadata/review_information/last_name.txt; sourceTree = SOURCE_ROOT; };
		410F5D2420B783E700BCA8B9 /* postal_code.txt */ = {isa = PBXFileReference; fileEncoding = 4; lastKnownFileType = text; name = postal_code.txt; path = fastlane/metadata/trade_representative_contact_information/postal_code.txt; sourceTree = SOURCE_ROOT; };
		410F5D2520B783E700BCA8B9 /* copyright.txt */ = {isa = PBXFileReference; fileEncoding = 4; lastKnownFileType = text; name = copyright.txt; path = fastlane/metadata/copyright.txt; sourceTree = SOURCE_ROOT; };
		410F5D2620B783E700BCA8B9 /* email_address.txt */ = {isa = PBXFileReference; fileEncoding = 4; lastKnownFileType = text; name = email_address.txt; path = fastlane/metadata/review_information/email_address.txt; sourceTree = SOURCE_ROOT; };
		410F5D2720B783E700BCA8B9 /* phone_number.txt */ = {isa = PBXFileReference; fileEncoding = 4; lastKnownFileType = text; name = phone_number.txt; path = fastlane/metadata/trade_representative_contact_information/phone_number.txt; sourceTree = SOURCE_ROOT; };
		410F5D2820B783E700BCA8B9 /* first_name.txt */ = {isa = PBXFileReference; fileEncoding = 4; lastKnownFileType = text; name = first_name.txt; path = fastlane/metadata/trade_representative_contact_information/first_name.txt; sourceTree = SOURCE_ROOT; };
		410F5D2920B783E800BCA8B9 /* marketing_url.txt */ = {isa = PBXFileReference; fileEncoding = 4; lastKnownFileType = text; name = marketing_url.txt; path = "fastlane/metadata/en-US/marketing_url.txt"; sourceTree = SOURCE_ROOT; };
		410F5DB220B7FE1700BCA8B9 /* Database.swift */ = {isa = PBXFileReference; lastKnownFileType = sourcecode.swift; path = Database.swift; sourceTree = "<group>"; };
		41273890209FCBEF00E097EF /* SnapshotHelper.swift */ = {isa = PBXFileReference; fileEncoding = 4; lastKnownFileType = sourcecode.swift; name = SnapshotHelper.swift; path = fastlane/SnapshotHelper.swift; sourceTree = SOURCE_ROOT; };
		4127389220A04C3400E097EF /* Assets.xcassets */ = {isa = PBXFileReference; lastKnownFileType = folder.assetcatalog; path = Assets.xcassets; sourceTree = "<group>"; };
		4143E211202583EA008492C8 /* Would You Rather.app */ = {isa = PBXFileReference; explicitFileType = wrapper.application; includeInIndex = 0; path = "Would You Rather.app"; sourceTree = BUILT_PRODUCTS_DIR; };
		4143E214202583EA008492C8 /* AppDelegate.swift */ = {isa = PBXFileReference; lastKnownFileType = sourcecode.swift; path = AppDelegate.swift; sourceTree = "<group>"; };
		4143E216202583EA008492C8 /* ViewController.swift */ = {isa = PBXFileReference; lastKnownFileType = sourcecode.swift; path = ViewController.swift; sourceTree = "<group>"; };
		4143E219202583EA008492C8 /* Base */ = {isa = PBXFileReference; lastKnownFileType = file.storyboard; name = Base; path = Base.lproj/Main.storyboard; sourceTree = "<group>"; };
		4143E21C202583EA008492C8 /* Would_You_Rather.xcdatamodel */ = {isa = PBXFileReference; lastKnownFileType = wrapper.xcdatamodel; path = Would_You_Rather.xcdatamodel; sourceTree = "<group>"; };
		4143E221202583EA008492C8 /* Base */ = {isa = PBXFileReference; lastKnownFileType = file.storyboard; name = Base; path = Base.lproj/LaunchScreen.storyboard; sourceTree = "<group>"; };
		4143E223202583EA008492C8 /* Info.plist */ = {isa = PBXFileReference; lastKnownFileType = text.plist.xml; path = Info.plist; sourceTree = "<group>"; };
		4143E228202583EA008492C8 /* Would You RatherTests.xctest */ = {isa = PBXFileReference; explicitFileType = wrapper.cfbundle; includeInIndex = 0; path = "Would You RatherTests.xctest"; sourceTree = BUILT_PRODUCTS_DIR; };
		4143E22C202583EA008492C8 /* Would_You_RatherTests.swift */ = {isa = PBXFileReference; lastKnownFileType = sourcecode.swift; path = Would_You_RatherTests.swift; sourceTree = "<group>"; };
		4143E22E202583EA008492C8 /* Info.plist */ = {isa = PBXFileReference; lastKnownFileType = text.plist.xml; path = Info.plist; sourceTree = "<group>"; };
		4143E233202583EA008492C8 /* Would You RatherUITests.xctest */ = {isa = PBXFileReference; explicitFileType = wrapper.cfbundle; includeInIndex = 0; path = "Would You RatherUITests.xctest"; sourceTree = BUILT_PRODUCTS_DIR; };
		4143E237202583EA008492C8 /* Would_You_RatherUITests.swift */ = {isa = PBXFileReference; lastKnownFileType = sourcecode.swift; path = Would_You_RatherUITests.swift; sourceTree = "<group>"; };
		4143E239202583EA008492C8 /* Info.plist */ = {isa = PBXFileReference; lastKnownFileType = text.plist.xml; path = Info.plist; sourceTree = "<group>"; };
		4143E245202586A8008492C8 /* Question.swift */ = {isa = PBXFileReference; lastKnownFileType = sourcecode.swift; path = Question.swift; sourceTree = "<group>"; };
		4143E24720258B6A008492C8 /* Details.rtf */ = {isa = PBXFileReference; lastKnownFileType = text.rtf; path = Details.rtf; sourceTree = "<group>"; };
		4148614B202654C4007AFA25 /* annoying.json */ = {isa = PBXFileReference; lastKnownFileType = text.json; path = annoying.json; sourceTree = "<group>"; };
		415334EB20B4C73600E32967 /* HistoryTableViewController.swift */ = {isa = PBXFileReference; lastKnownFileType = sourcecode.swift; path = HistoryTableViewController.swift; sourceTree = "<group>"; };
		415334ED20B5582500E32967 /* HistoryTableViewCell.swift */ = {isa = PBXFileReference; lastKnownFileType = sourcecode.swift; path = HistoryTableViewCell.swift; sourceTree = "<group>"; };
		417421EA202647FF00BFC6D7 /* romance.json */ = {isa = PBXFileReference; lastKnownFileType = text.json; path = romance.json; sourceTree = "<group>"; };
		417421F22026495A00BFC6D7 /* gross.json */ = {isa = PBXFileReference; lastKnownFileType = text.json; path = gross.json; sourceTree = "<group>"; };
		417421F42026498B00BFC6D7 /* pain.json */ = {isa = PBXFileReference; lastKnownFileType = text.json; path = pain.json; sourceTree = "<group>"; };
		417421F820264A3E00BFC6D7 /* technology.json */ = {isa = PBXFileReference; lastKnownFileType = text.json; path = technology.json; sourceTree = "<group>"; };
		418D25D22026579900DBA2BE /* embarrassing.json */ = {isa = PBXFileReference; lastKnownFileType = text.json; path = embarrassing.json; sourceTree = "<group>"; };
		41BE2A0420B9475B00D88AC1 /* MainViewController.swift */ = {isa = PBXFileReference; lastKnownFileType = sourcecode.swift; path = MainViewController.swift; sourceTree = "<group>"; };
		41BE2A0620B9685900D88AC1 /* OptionsViewController.swift */ = {isa = PBXFileReference; lastKnownFileType = sourcecode.swift; path = OptionsViewController.swift; sourceTree = "<group>"; };
		41DA814D2025F10900587668 /* WouldYouRather.json */ = {isa = PBXFileReference; fileEncoding = 4; lastKnownFileType = text.json; path = WouldYouRather.json; sourceTree = "<group>"; };
		41E34CA5202620B3003B4AE7 /* GlobalVariables.swift */ = {isa = PBXFileReference; lastKnownFileType = sourcecode.swift; path = GlobalVariables.swift; sourceTree = "<group>"; };
		41E34CA72026210D003B4AE7 /* Structures.swift */ = {isa = PBXFileReference; lastKnownFileType = sourcecode.swift; path = Structures.swift; sourceTree = "<group>"; };
		4E7F8EA5A485476F1A913ADD /* Pods-Would You Rather.debug.xcconfig */ = {isa = PBXFileReference; includeInIndex = 1; lastKnownFileType = text.xcconfig; name = "Pods-Would You Rather.debug.xcconfig"; path = "Pods/Target Support Files/Pods-Would You Rather/Pods-Would You Rather.debug.xcconfig"; sourceTree = "<group>"; };
		933A220340772872BCAC5C5D /* Pods-Would You Rather.release.xcconfig */ = {isa = PBXFileReference; includeInIndex = 1; lastKnownFileType = text.xcconfig; name = "Pods-Would You Rather.release.xcconfig"; path = "Pods/Target Support Files/Pods-Would You Rather/Pods-Would You Rather.release.xcconfig"; sourceTree = "<group>"; };
		9446AA8347CDF4FA6D860450 /* Pods-Would You RatherUITests.debug.xcconfig */ = {isa = PBXFileReference; includeInIndex = 1; lastKnownFileType = text.xcconfig; name = "Pods-Would You RatherUITests.debug.xcconfig"; path = "Pods/Target Support Files/Pods-Would You RatherUITests/Pods-Would You RatherUITests.debug.xcconfig"; sourceTree = "<group>"; };
		C03423D79C94CFBA8DABC605 /* Pods_Would_You_RatherTests.framework */ = {isa = PBXFileReference; explicitFileType = wrapper.framework; includeInIndex = 0; path = Pods_Would_You_RatherTests.framework; sourceTree = BUILT_PRODUCTS_DIR; };
/* End PBXFileReference section */

/* Begin PBXFrameworksBuildPhase section */
		4143E20E202583EA008492C8 /* Frameworks */ = {
			isa = PBXFrameworksBuildPhase;
			buildActionMask = 2147483647;
			files = (
				1ADE99FE3584001CD36B71D7 /* Pods_Would_You_Rather.framework in Frameworks */,
			);
			runOnlyForDeploymentPostprocessing = 0;
		};
		4143E225202583EA008492C8 /* Frameworks */ = {
			isa = PBXFrameworksBuildPhase;
			buildActionMask = 2147483647;
			files = (
				AF839065E3BE0AEF498DDEBB /* Pods_Would_You_RatherTests.framework in Frameworks */,
			);
			runOnlyForDeploymentPostprocessing = 0;
		};
		4143E230202583EA008492C8 /* Frameworks */ = {
			isa = PBXFrameworksBuildPhase;
			buildActionMask = 2147483647;
			files = (
				5FD3FA9FA77C4685A068FB47 /* Pods_Would_You_RatherUITests.framework in Frameworks */,
			);
			runOnlyForDeploymentPostprocessing = 0;
		};
/* End PBXFrameworksBuildPhase section */

/* Begin PBXGroup section */
		410F5CEE20B782FE00BCA8B9 /* Fastlane */ = {
			isa = PBXGroup;
			children = (
				410F5D0520B783CC00BCA8B9 /* Meta */,
				410F5CF120B7838000BCA8B9 /* Appfile */,
				410F5CF020B7838000BCA8B9 /* Deliverfile */,
				410F5CF220B7838000BCA8B9 /* devices.txt */,
				410F5CF420B7838000BCA8B9 /* Fastfile */,
				410F5CF320B7838000BCA8B9 /* Gymfile */,
				410F5CEF20B7838000BCA8B9 /* Matchfile */,
				410F5CF520B7838000BCA8B9 /* Scanfile */,
				410F5CF620B7838100BCA8B9 /* Snapfile */,
				410F5CFF20B783AC00BCA8B9 /* keyword.strings */,
				410F5D0020B783AD00BCA8B9 /* title.strings */,
				410F5D0320B783B800BCA8B9 /* Framefile.json */,
			);
			path = Fastlane;
			sourceTree = "<group>";
		};
		410F5D0520B783CC00BCA8B9 /* Meta */ = {
			isa = PBXGroup;
			children = (
				410F5D1D20B783E600BCA8B9 /* address_line1.txt */,
				410F5D2120B783E600BCA8B9 /* address_line2.txt */,
				410F5D2020B783E600BCA8B9 /* address_line3.txt */,
				410F5D2220B783E700BCA8B9 /* city_name.txt */,
				410F5D2520B783E700BCA8B9 /* copyright.txt */,
				410F5D1220B783E500BCA8B9 /* country.txt */,
				410F5D1620B783E500BCA8B9 /* demo_password.txt */,
				410F5D0F20B783E400BCA8B9 /* demo_user.txt */,
				410F5D0920B783E400BCA8B9 /* description.txt */,
				410F5D2620B783E700BCA8B9 /* email_address.txt */,
				410F5D1020B783E400BCA8B9 /* email_address.txt */,
				410F5D2820B783E700BCA8B9 /* first_name.txt */,
				410F5D0E20B783E400BCA8B9 /* first_name.txt */,
				410F5D1E20B783E600BCA8B9 /* is_displayed_on_app_store.txt */,
				410F5D0D20B783E400BCA8B9 /* keywords.txt */,
				410F5D2320B783E700BCA8B9 /* last_name.txt */,
				410F5D1C20B783E600BCA8B9 /* last_name.txt */,
				410F5D2920B783E800BCA8B9 /* marketing_url.txt */,
				410F5D0A20B783E400BCA8B9 /* name.txt */,
				410F5D1420B783E500BCA8B9 /* notes.txt */,
				410F5D2720B783E700BCA8B9 /* phone_number.txt */,
				410F5D1520B783E500BCA8B9 /* phone_number.txt */,
				410F5D2420B783E700BCA8B9 /* postal_code.txt */,
				410F5D0620B783E300BCA8B9 /* primary_category.txt */,
				410F5D1820B783E500BCA8B9 /* primary_first_sub_category.txt */,
				410F5D0B20B783E400BCA8B9 /* primary_second_sub_category.txt */,
				410F5D1720B783E500BCA8B9 /* privacy_url.txt */,
				410F5D1920B783E500BCA8B9 /* promotional_text.txt */,
				410F5D0720B783E400BCA8B9 /* release_notes.txt */,
				410F5D1120B783E500BCA8B9 /* secondary_category.txt */,
				410F5D0820B783E400BCA8B9 /* secondary_first_sub_category.txt */,
				410F5D1A20B783E500BCA8B9 /* secondary_second_sub_category.txt */,
				410F5D1B20B783E600BCA8B9 /* state.txt */,
				410F5D1320B783E500BCA8B9 /* subtitle.txt */,
				410F5D1F20B783E600BCA8B9 /* support_url.txt */,
				410F5D0C20B783E400BCA8B9 /* trade_name.txt */,
			);
			path = Meta;
			sourceTree = "<group>";
		};
		410F5DAA20B7880600BCA8B9 /* JSON */ = {
			isa = PBXGroup;
			children = (
				410F5CEC20B6A88800BCA8B9 /* WWYR-History.json */,
				41DA814D2025F10900587668 /* WouldYouRather.json */,
				418D25D22026579900DBA2BE /* embarrassing.json */,
				4148614B202654C4007AFA25 /* annoying.json */,
				417421F42026498B00BFC6D7 /* pain.json */,
				417421F820264A3E00BFC6D7 /* technology.json */,
				417421F22026495A00BFC6D7 /* gross.json */,
				41047FA1202B36F10002B96F /* CateogryTemplate.json */,
				417421EA202647FF00BFC6D7 /* romance.json */,
			);
			path = JSON;
			sourceTree = "<group>";
		};
		410F5DAB20B7881500BCA8B9 /* Views */ = {
			isa = PBXGroup;
			children = (
				415334ED20B5582500E32967 /* HistoryTableViewCell.swift */,
				4143E216202583EA008492C8 /* ViewController.swift */,
				415334EB20B4C73600E32967 /* HistoryTableViewController.swift */,
				41BE2A0420B9475B00D88AC1 /* MainViewController.swift */,
				41BE2A0620B9685900D88AC1 /* OptionsViewController.swift */,
			);
			path = Views;
			sourceTree = "<group>";
		};
		410F5DAC20B7883000BCA8B9 /* Constants */ = {
			isa = PBXGroup;
			children = (
				41E34CA72026210D003B4AE7 /* Structures.swift */,
				41E34CA5202620B3003B4AE7 /* GlobalVariables.swift */,
			);
			path = Constants;
			sourceTree = "<group>";
		};
		410F5DAD20B7883D00BCA8B9 /* Classes */ = {
			isa = PBXGroup;
			children = (
				4143E245202586A8008492C8 /* Question.swift */,
			);
			path = Classes;
			sourceTree = "<group>";
		};
		410F5DAE20B7884800BCA8B9 /* StoryBoards */ = {
			isa = PBXGroup;
			children = (
				4143E218202583EA008492C8 /* Main.storyboard */,
				4143E220202583EA008492C8 /* LaunchScreen.storyboard */,
			);
			path = StoryBoards;
			sourceTree = "<group>";
		};
		410F5DAF20B7885500BCA8B9 /* Media */ = {
			isa = PBXGroup;
			children = (
				4127389220A04C3400E097EF /* Assets.xcassets */,
			);
			path = Media;
			sourceTree = "<group>";
		};
		410F5DB020B7886400BCA8B9 /* Support */ = {
			isa = PBXGroup;
			children = (
				4143E223202583EA008492C8 /* Info.plist */,
				4143E214202583EA008492C8 /* AppDelegate.swift */,
				4143E24720258B6A008492C8 /* Details.rtf */,
			);
			path = Support;
			sourceTree = "<group>";
		};
		410F5DB120B7888500BCA8B9 /* Core Data */ = {
			isa = PBXGroup;
			children = (
				4143E21B202583EA008492C8 /* Would_You_Rather.xcdatamodeld */,
			);
			path = "Core Data";
			sourceTree = "<group>";
		};
		4143E208202583EA008492C8 = {
			isa = PBXGroup;
			children = (
				4143E213202583EA008492C8 /* Would You Rather */,
				4143E22B202583EA008492C8 /* Would You RatherTests */,
				4143E236202583EA008492C8 /* Would You RatherUITests */,
				4143E212202583EA008492C8 /* Products */,
				8A11EBD0D9B010CA9E6298C3 /* Pods */,
				96BD9AAE1848B1D9E541A405 /* Frameworks */,
			);
			sourceTree = "<group>";
		};
		4143E212202583EA008492C8 /* Products */ = {
			isa = PBXGroup;
			children = (
				4143E211202583EA008492C8 /* Would You Rather.app */,
				4143E228202583EA008492C8 /* Would You RatherTests.xctest */,
				4143E233202583EA008492C8 /* Would You RatherUITests.xctest */,
			);
			name = Products;
			sourceTree = "<group>";
		};
		4143E213202583EA008492C8 /* Would You Rather */ = {
			isa = PBXGroup;
			children = (
				410F5DAD20B7883D00BCA8B9 /* Classes */,
				410F5DAB20B7881500BCA8B9 /* Views */,
				410F5DAE20B7884800BCA8B9 /* StoryBoards */,
				410F5CEE20B782FE00BCA8B9 /* Fastlane */,
				410F5DAA20B7880600BCA8B9 /* JSON */,
				410F5DB020B7886400BCA8B9 /* Support */,
				410F5DAC20B7883000BCA8B9 /* Constants */,
				410F5DAF20B7885500BCA8B9 /* Media */,
				410F5DB120B7888500BCA8B9 /* Core Data */,
				410F5DB220B7FE1700BCA8B9 /* Database.swift */,
			);
			path = "Would You Rather";
			sourceTree = "<group>";
		};
		4143E22B202583EA008492C8 /* Would You RatherTests */ = {
			isa = PBXGroup;
			children = (
				4143E22C202583EA008492C8 /* Would_You_RatherTests.swift */,
				4143E22E202583EA008492C8 /* Info.plist */,
			);
			path = "Would You RatherTests";
			sourceTree = "<group>";
		};
		4143E236202583EA008492C8 /* Would You RatherUITests */ = {
			isa = PBXGroup;
			children = (
				41273890209FCBEF00E097EF /* SnapshotHelper.swift */,
				4143E237202583EA008492C8 /* Would_You_RatherUITests.swift */,
				4143E239202583EA008492C8 /* Info.plist */,
			);
			path = "Would You RatherUITests";
			sourceTree = "<group>";
		};
		8A11EBD0D9B010CA9E6298C3 /* Pods */ = {
			isa = PBXGroup;
			children = (
				4E7F8EA5A485476F1A913ADD /* Pods-Would You Rather.debug.xcconfig */,
				933A220340772872BCAC5C5D /* Pods-Would You Rather.release.xcconfig */,
				13341EC1AB55EA2F7BC55DCF /* Pods-Would You RatherTests.debug.xcconfig */,
				20ABB50F0B6CD202B4C4545D /* Pods-Would You RatherTests.release.xcconfig */,
				9446AA8347CDF4FA6D860450 /* Pods-Would You RatherUITests.debug.xcconfig */,
				33BCABA85E87A3712EF74723 /* Pods-Would You RatherUITests.release.xcconfig */,
			);
			name = Pods;
			sourceTree = "<group>";
		};
		96BD9AAE1848B1D9E541A405 /* Frameworks */ = {
			isa = PBXGroup;
			children = (
				24895057A0DE0ACDDC1A047F /* Pods_Would_You_Rather.framework */,
				C03423D79C94CFBA8DABC605 /* Pods_Would_You_RatherTests.framework */,
				0860475613ABC758BE2BA85A /* Pods_Would_You_RatherUITests.framework */,
			);
			name = Frameworks;
			sourceTree = "<group>";
		};
/* End PBXGroup section */

/* Begin PBXNativeTarget section */
		4143E210202583EA008492C8 /* Would You Rather */ = {
			isa = PBXNativeTarget;
			buildConfigurationList = 4143E23C202583EA008492C8 /* Build configuration list for PBXNativeTarget "Would You Rather" */;
			buildPhases = (
				12ABD80294ECDEDB0CB7B631 /* [CP] Check Pods Manifest.lock */,
				4143E20D202583EA008492C8 /* Sources */,
				4143E20E202583EA008492C8 /* Frameworks */,
				4143E20F202583EA008492C8 /* Resources */,
				F246AC2B8D56C81874BE34DD /* [CP] Embed Pods Frameworks */,
				20D2FE9538ABF7C687450F99 /* [CP] Copy Pods Resources */,
				41AEEE2020A12A9A00EF7BD4 /* Fabric */,
				410F5CE920B591C900BCA8B9 /* Build Incrementer */,
			);
			buildRules = (
			);
			dependencies = (
			);
			name = "Would You Rather";
			productName = "Would You Rather";
			productReference = 4143E211202583EA008492C8 /* Would You Rather.app */;
			productType = "com.apple.product-type.application";
		};
		4143E227202583EA008492C8 /* Would You RatherTests */ = {
			isa = PBXNativeTarget;
			buildConfigurationList = 4143E23F202583EA008492C8 /* Build configuration list for PBXNativeTarget "Would You RatherTests" */;
			buildPhases = (
				BE926BDE8FA014D27E4F3B90 /* [CP] Check Pods Manifest.lock */,
				4143E224202583EA008492C8 /* Sources */,
				4143E225202583EA008492C8 /* Frameworks */,
				4143E226202583EA008492C8 /* Resources */,
				D3E3810BAEF77FE37AC5414B /* [CP] Embed Pods Frameworks */,
				8B15E4986F53ECBF4E1C6A9F /* [CP] Copy Pods Resources */,
			);
			buildRules = (
			);
			dependencies = (
				4143E22A202583EA008492C8 /* PBXTargetDependency */,
			);
			name = "Would You RatherTests";
			productName = "Would You RatherTests";
			productReference = 4143E228202583EA008492C8 /* Would You RatherTests.xctest */;
			productType = "com.apple.product-type.bundle.unit-test";
		};
		4143E232202583EA008492C8 /* Would You RatherUITests */ = {
			isa = PBXNativeTarget;
			buildConfigurationList = 4143E242202583EA008492C8 /* Build configuration list for PBXNativeTarget "Would You RatherUITests" */;
			buildPhases = (
				ED71441A3AA5063B5206B855 /* [CP] Check Pods Manifest.lock */,
				4143E22F202583EA008492C8 /* Sources */,
				4143E230202583EA008492C8 /* Frameworks */,
				4143E231202583EA008492C8 /* Resources */,
				815BFBA49B540321B0990EFE /* [CP] Embed Pods Frameworks */,
				9E1D1125292E2F6827DC5654 /* [CP] Copy Pods Resources */,
			);
			buildRules = (
			);
			dependencies = (
				4143E235202583EA008492C8 /* PBXTargetDependency */,
			);
			name = "Would You RatherUITests";
			productName = "Would You RatherUITests";
			productReference = 4143E233202583EA008492C8 /* Would You RatherUITests.xctest */;
			productType = "com.apple.product-type.bundle.ui-testing";
		};
/* End PBXNativeTarget section */

/* Begin PBXProject section */
		4143E209202583EA008492C8 /* Project object */ = {
			isa = PBXProject;
			attributes = {
				LastSwiftUpdateCheck = 0920;
				LastUpgradeCheck = 0920;
				ORGANIZATIONNAME = Andre;
				TargetAttributes = {
					4143E210202583EA008492C8 = {
						CreatedOnToolsVersion = 9.2;
						ProvisioningStyle = Automatic;
					};
					4143E227202583EA008492C8 = {
						CreatedOnToolsVersion = 9.2;
						ProvisioningStyle = Automatic;
						TestTargetID = 4143E210202583EA008492C8;
					};
					4143E232202583EA008492C8 = {
						CreatedOnToolsVersion = 9.2;
						ProvisioningStyle = Automatic;
						TestTargetID = 4143E210202583EA008492C8;
					};
				};
			};
			buildConfigurationList = 4143E20C202583EA008492C8 /* Build configuration list for PBXProject "Would You Rather" */;
			compatibilityVersion = "Xcode 8.0";
			developmentRegion = en;
			hasScannedForEncodings = 0;
			knownRegions = (
				en,
				Base,
			);
			mainGroup = 4143E208202583EA008492C8;
			productRefGroup = 4143E212202583EA008492C8 /* Products */;
			projectDirPath = "";
			projectRoot = "";
			targets = (
				4143E210202583EA008492C8 /* Would You Rather */,
				4143E227202583EA008492C8 /* Would You RatherTests */,
				4143E232202583EA008492C8 /* Would You RatherUITests */,
			);
		};
/* End PBXProject section */

/* Begin PBXResourcesBuildPhase section */
		4143E20F202583EA008492C8 /* Resources */ = {
			isa = PBXResourcesBuildPhase;
			buildActionMask = 2147483647;
			files = (
				410F5D4620B783E800BCA8B9 /* city_name.txt in Resources */,
				4148614C202654C4007AFA25 /* annoying.json in Resources */,
				4143E222202583EA008492C8 /* LaunchScreen.storyboard in Resources */,
				4127389320A04C3400E097EF /* Assets.xcassets in Resources */,
				410F5D2A20B783E800BCA8B9 /* primary_category.txt in Resources */,
				410F5D4A20B783E800BCA8B9 /* email_address.txt in Resources */,
				410F5D3720B783E800BCA8B9 /* subtitle.txt in Resources */,
				410F5CFA20B7838100BCA8B9 /* devices.txt in Resources */,
				410F5D3220B783E800BCA8B9 /* first_name.txt in Resources */,
				410F5D2D20B783E800BCA8B9 /* description.txt in Resources */,
				410F5D0120B783AD00BCA8B9 /* keyword.strings in Resources */,
				410F5CFC20B7838100BCA8B9 /* Fastfile in Resources */,
				410F5D4B20B783E800BCA8B9 /* phone_number.txt in Resources */,
				410F5D4720B783E800BCA8B9 /* last_name.txt in Resources */,
				410F5CFD20B7838100BCA8B9 /* Scanfile in Resources */,
				410F5D2C20B783E800BCA8B9 /* secondary_first_sub_category.txt in Resources */,
				410F5D3820B783E800BCA8B9 /* notes.txt in Resources */,
				410F5D2B20B783E800BCA8B9 /* release_notes.txt in Resources */,
				410F5D3F20B783E800BCA8B9 /* state.txt in Resources */,
				410F5D4820B783E800BCA8B9 /* postal_code.txt in Resources */,
				410F5D3420B783E800BCA8B9 /* email_address.txt in Resources */,
				410F5D2E20B783E800BCA8B9 /* name.txt in Resources */,
				41047FA2202B36F10002B96F /* CateogryTemplate.json in Resources */,
				418D25D32026579900DBA2BE /* embarrassing.json in Resources */,
				410F5D3C20B783E800BCA8B9 /* primary_first_sub_category.txt in Resources */,
				410F5CF820B7838100BCA8B9 /* Deliverfile in Resources */,
				410F5D3520B783E800BCA8B9 /* secondary_category.txt in Resources */,
				417421F920264A3E00BFC6D7 /* technology.json in Resources */,
				417421F52026498B00BFC6D7 /* pain.json in Resources */,
				410F5CF920B7838100BCA8B9 /* Appfile in Resources */,
				410F5D3B20B783E800BCA8B9 /* privacy_url.txt in Resources */,
				410F5D3120B783E800BCA8B9 /* keywords.txt in Resources */,
				410F5D4420B783E800BCA8B9 /* address_line3.txt in Resources */,
				410F5D4C20B783E800BCA8B9 /* first_name.txt in Resources */,
				410F5D3920B783E800BCA8B9 /* phone_number.txt in Resources */,
				410F5CFE20B7838100BCA8B9 /* Snapfile in Resources */,
				410F5D4520B783E800BCA8B9 /* address_line2.txt in Resources */,
				4143E24820258B6A008492C8 /* Details.rtf in Resources */,
				417421F32026495A00BFC6D7 /* gross.json in Resources */,
				410F5D3020B783E800BCA8B9 /* trade_name.txt in Resources */,
				410F5D3620B783E800BCA8B9 /* country.txt in Resources */,
				410F5D4220B783E800BCA8B9 /* is_displayed_on_app_store.txt in Resources */,
				410F5D0220B783AD00BCA8B9 /* title.strings in Resources */,
				410F5D4D20B783E800BCA8B9 /* marketing_url.txt in Resources */,
				410F5D0420B783B800BCA8B9 /* Framefile.json in Resources */,
				410F5D3D20B783E800BCA8B9 /* promotional_text.txt in Resources */,
				410F5D4020B783E800BCA8B9 /* last_name.txt in Resources */,
				410F5CFB20B7838100BCA8B9 /* Gymfile in Resources */,
				410F5D4920B783E800BCA8B9 /* copyright.txt in Resources */,
				417421EB202647FF00BFC6D7 /* romance.json in Resources */,
				410F5D3A20B783E800BCA8B9 /* demo_password.txt in Resources */,
				410F5D3E20B783E800BCA8B9 /* secondary_second_sub_category.txt in Resources */,
				4143E21A202583EA008492C8 /* Main.storyboard in Resources */,
				410F5CED20B6A88800BCA8B9 /* WWYR-History.json in Resources */,
				410F5CF720B7838100BCA8B9 /* Matchfile in Resources */,
				410F5D2F20B783E800BCA8B9 /* primary_second_sub_category.txt in Resources */,
				410F5D4320B783E800BCA8B9 /* support_url.txt in Resources */,
				410F5D4120B783E800BCA8B9 /* address_line1.txt in Resources */,
				410F5D3320B783E800BCA8B9 /* demo_user.txt in Resources */,
				41DA814E2025F10900587668 /* WouldYouRather.json in Resources */,
			);
			runOnlyForDeploymentPostprocessing = 0;
		};
		4143E226202583EA008492C8 /* Resources */ = {
			isa = PBXResourcesBuildPhase;
			buildActionMask = 2147483647;
			files = (
			);
			runOnlyForDeploymentPostprocessing = 0;
		};
		4143E231202583EA008492C8 /* Resources */ = {
			isa = PBXResourcesBuildPhase;
			buildActionMask = 2147483647;
			files = (
			);
			runOnlyForDeploymentPostprocessing = 0;
		};
/* End PBXResourcesBuildPhase section */

/* Begin PBXShellScriptBuildPhase section */
		12ABD80294ECDEDB0CB7B631 /* [CP] Check Pods Manifest.lock */ = {
			isa = PBXShellScriptBuildPhase;
			buildActionMask = 2147483647;
			files = (
			);
			inputPaths = (
				"${PODS_PODFILE_DIR_PATH}/Podfile.lock",
				"${PODS_ROOT}/Manifest.lock",
			);
			name = "[CP] Check Pods Manifest.lock";
			outputPaths = (
				"$(DERIVED_FILE_DIR)/Pods-Would You Rather-checkManifestLockResult.txt",
			);
			runOnlyForDeploymentPostprocessing = 0;
			shellPath = /bin/sh;
			shellScript = "diff \"${PODS_PODFILE_DIR_PATH}/Podfile.lock\" \"${PODS_ROOT}/Manifest.lock\" > /dev/null\nif [ $? != 0 ] ; then\n    # print error to STDERR\n    echo \"error: The sandbox is not in sync with the Podfile.lock. Run 'pod install' or update your CocoaPods installation.\" >&2\n    exit 1\nfi\n# This output is used by Xcode 'outputs' to avoid re-running this script phase.\necho \"SUCCESS\" > \"${SCRIPT_OUTPUT_FILE_0}\"\n";
			showEnvVarsInLog = 0;
		};
		20D2FE9538ABF7C687450F99 /* [CP] Copy Pods Resources */ = {
			isa = PBXShellScriptBuildPhase;
			buildActionMask = 2147483647;
			files = (
			);
			inputPaths = (
			);
			name = "[CP] Copy Pods Resources";
			outputPaths = (
			);
			runOnlyForDeploymentPostprocessing = 0;
			shellPath = /bin/sh;
			shellScript = "\"${SRCROOT}/Pods/Target Support Files/Pods-Would You Rather/Pods-Would You Rather-resources.sh\"\n";
			showEnvVarsInLog = 0;
		};
		410F5CE920B591C900BCA8B9 /* Build Incrementer */ = {
			isa = PBXShellScriptBuildPhase;
			buildActionMask = 2147483647;
			files = (
			);
			inputPaths = (
			);
			name = "Build Incrementer";
			outputPaths = (
			);
			runOnlyForDeploymentPostprocessing = 0;
			shellPath = /bin/sh;
			shellScript = "#buildNumber=$(/usr/libexec/PlistBuddy -c \"Print CFBundleVersion\" \"${PROJECT_DIR}/${INFOPLIST_FILE}\")\n#buildNumber=$(($buildNumber + 1))\n#/usr/libexec/PlistBuddy -c \"Set :CFBundleVersion $buildNumber\" \"${PROJECT_DIR}/${INFOPLIST_FILE}\"";
		};
		41AEEE2020A12A9A00EF7BD4 /* Fabric */ = {
			isa = PBXShellScriptBuildPhase;
			buildActionMask = 2147483647;
			files = (
			);
			inputPaths = (
			);
			name = Fabric;
			outputPaths = (
			);
			runOnlyForDeploymentPostprocessing = 0;
			shellPath = /bin/sh;
			shellScript = "./Fabric.framework/run 4b84b1226e93ac404abf87cdd625fca3f2f67cb7 9174c325d1ac51dcae9ee142e60f7bc1545e4d23a1ce0b5e09574eada9f888d3";
		};
		815BFBA49B540321B0990EFE /* [CP] Embed Pods Frameworks */ = {
			isa = PBXShellScriptBuildPhase;
			buildActionMask = 2147483647;
			files = (
			);
			inputPaths = (
			);
			name = "[CP] Embed Pods Frameworks";
			outputPaths = (
			);
			runOnlyForDeploymentPostprocessing = 0;
			shellPath = /bin/sh;
			shellScript = "\"${SRCROOT}/Pods/Target Support Files/Pods-Would You RatherUITests/Pods-Would You RatherUITests-frameworks.sh\"\n";
			showEnvVarsInLog = 0;
		};
		8B15E4986F53ECBF4E1C6A9F /* [CP] Copy Pods Resources */ = {
			isa = PBXShellScriptBuildPhase;
			buildActionMask = 2147483647;
			files = (
			);
			inputPaths = (
			);
			name = "[CP] Copy Pods Resources";
			outputPaths = (
			);
			runOnlyForDeploymentPostprocessing = 0;
			shellPath = /bin/sh;
			shellScript = "\"${SRCROOT}/Pods/Target Support Files/Pods-Would You RatherTests/Pods-Would You RatherTests-resources.sh\"\n";
			showEnvVarsInLog = 0;
		};
		9E1D1125292E2F6827DC5654 /* [CP] Copy Pods Resources */ = {
			isa = PBXShellScriptBuildPhase;
			buildActionMask = 2147483647;
			files = (
			);
			inputPaths = (
			);
			name = "[CP] Copy Pods Resources";
			outputPaths = (
			);
			runOnlyForDeploymentPostprocessing = 0;
			shellPath = /bin/sh;
			shellScript = "\"${SRCROOT}/Pods/Target Support Files/Pods-Would You RatherUITests/Pods-Would You RatherUITests-resources.sh\"\n";
			showEnvVarsInLog = 0;
		};
		BE926BDE8FA014D27E4F3B90 /* [CP] Check Pods Manifest.lock */ = {
			isa = PBXShellScriptBuildPhase;
			buildActionMask = 2147483647;
			files = (
			);
			inputPaths = (
				"${PODS_PODFILE_DIR_PATH}/Podfile.lock",
				"${PODS_ROOT}/Manifest.lock",
			);
			name = "[CP] Check Pods Manifest.lock";
			outputPaths = (
				"$(DERIVED_FILE_DIR)/Pods-Would You RatherTests-checkManifestLockResult.txt",
			);
			runOnlyForDeploymentPostprocessing = 0;
			shellPath = /bin/sh;
			shellScript = "diff \"${PODS_PODFILE_DIR_PATH}/Podfile.lock\" \"${PODS_ROOT}/Manifest.lock\" > /dev/null\nif [ $? != 0 ] ; then\n    # print error to STDERR\n    echo \"error: The sandbox is not in sync with the Podfile.lock. Run 'pod install' or update your CocoaPods installation.\" >&2\n    exit 1\nfi\n# This output is used by Xcode 'outputs' to avoid re-running this script phase.\necho \"SUCCESS\" > \"${SCRIPT_OUTPUT_FILE_0}\"\n";
			showEnvVarsInLog = 0;
		};
		D3E3810BAEF77FE37AC5414B /* [CP] Embed Pods Frameworks */ = {
			isa = PBXShellScriptBuildPhase;
			buildActionMask = 2147483647;
			files = (
			);
			inputPaths = (
			);
			name = "[CP] Embed Pods Frameworks";
			outputPaths = (
			);
			runOnlyForDeploymentPostprocessing = 0;
			shellPath = /bin/sh;
			shellScript = "\"${SRCROOT}/Pods/Target Support Files/Pods-Would You RatherTests/Pods-Would You RatherTests-frameworks.sh\"\n";
			showEnvVarsInLog = 0;
		};
		ED71441A3AA5063B5206B855 /* [CP] Check Pods Manifest.lock */ = {
			isa = PBXShellScriptBuildPhase;
			buildActionMask = 2147483647;
			files = (
			);
			inputPaths = (
				"${PODS_PODFILE_DIR_PATH}/Podfile.lock",
				"${PODS_ROOT}/Manifest.lock",
			);
			name = "[CP] Check Pods Manifest.lock";
			outputPaths = (
				"$(DERIVED_FILE_DIR)/Pods-Would You RatherUITests-checkManifestLockResult.txt",
			);
			runOnlyForDeploymentPostprocessing = 0;
			shellPath = /bin/sh;
			shellScript = "diff \"${PODS_PODFILE_DIR_PATH}/Podfile.lock\" \"${PODS_ROOT}/Manifest.lock\" > /dev/null\nif [ $? != 0 ] ; then\n    # print error to STDERR\n    echo \"error: The sandbox is not in sync with the Podfile.lock. Run 'pod install' or update your CocoaPods installation.\" >&2\n    exit 1\nfi\n# This output is used by Xcode 'outputs' to avoid re-running this script phase.\necho \"SUCCESS\" > \"${SCRIPT_OUTPUT_FILE_0}\"\n";
			showEnvVarsInLog = 0;
		};
		F246AC2B8D56C81874BE34DD /* [CP] Embed Pods Frameworks */ = {
			isa = PBXShellScriptBuildPhase;
			buildActionMask = 2147483647;
			files = (
			);
			inputPaths = (
				"${SRCROOT}/Pods/Target Support Files/Pods-Would You Rather/Pods-Would You Rather-frameworks.sh",
				"${BUILT_PRODUCTS_DIR}/Amplitude-iOS/Amplitude_iOS.framework",
				"${BUILT_PRODUCTS_DIR}/Bolts/Bolts.framework",
				"${BUILT_PRODUCTS_DIR}/FBSDKCoreKit/FBSDKCoreKit.framework",
				"${BUILT_PRODUCTS_DIR}/FacebookCore/FacebookCore.framework",
				"${BUILT_PRODUCTS_DIR}/Fakery/Fakery.framework",
				"${BUILT_PRODUCTS_DIR}/Flurry-iOS-SDK/Flurry_iOS_SDK.framework",
				"${BUILT_PRODUCTS_DIR}/Onboard/Onboard.framework",
				"${BUILT_PRODUCTS_DIR}/SimulatorStatusMagic/SimulatorStatusMagic.framework",
				"${BUILT_PRODUCTS_DIR}/Siren/Siren.framework",
				"${BUILT_PRODUCTS_DIR}/SwiftRandom/SwiftRandom.framework",
				"${BUILT_PRODUCTS_DIR}/SwiftyBeaver/SwiftyBeaver.framework",
				"${BUILT_PRODUCTS_DIR}/SwiftySound/SwiftySound.framework",
				"${BUILT_PRODUCTS_DIR}/iRate/iRate.framework",
			);
			name = "[CP] Embed Pods Frameworks";
			outputPaths = (
				"${TARGET_BUILD_DIR}/${FRAMEWORKS_FOLDER_PATH}/Amplitude_iOS.framework",
				"${TARGET_BUILD_DIR}/${FRAMEWORKS_FOLDER_PATH}/Bolts.framework",
				"${TARGET_BUILD_DIR}/${FRAMEWORKS_FOLDER_PATH}/FBSDKCoreKit.framework",
				"${TARGET_BUILD_DIR}/${FRAMEWORKS_FOLDER_PATH}/FacebookCore.framework",
				"${TARGET_BUILD_DIR}/${FRAMEWORKS_FOLDER_PATH}/Fakery.framework",
				"${TARGET_BUILD_DIR}/${FRAMEWORKS_FOLDER_PATH}/Flurry_iOS_SDK.framework",
				"${TARGET_BUILD_DIR}/${FRAMEWORKS_FOLDER_PATH}/Onboard.framework",
				"${TARGET_BUILD_DIR}/${FRAMEWORKS_FOLDER_PATH}/SimulatorStatusMagic.framework",
				"${TARGET_BUILD_DIR}/${FRAMEWORKS_FOLDER_PATH}/Siren.framework",
				"${TARGET_BUILD_DIR}/${FRAMEWORKS_FOLDER_PATH}/SwiftRandom.framework",
				"${TARGET_BUILD_DIR}/${FRAMEWORKS_FOLDER_PATH}/SwiftyBeaver.framework",
				"${TARGET_BUILD_DIR}/${FRAMEWORKS_FOLDER_PATH}/SwiftySound.framework",
				"${TARGET_BUILD_DIR}/${FRAMEWORKS_FOLDER_PATH}/iRate.framework",
			);
			runOnlyForDeploymentPostprocessing = 0;
			shellPath = /bin/sh;
			shellScript = "\"${SRCROOT}/Pods/Target Support Files/Pods-Would You Rather/Pods-Would You Rather-frameworks.sh\"\n";
			showEnvVarsInLog = 0;
		};
/* End PBXShellScriptBuildPhase section */

/* Begin PBXSourcesBuildPhase section */
		4143E20D202583EA008492C8 /* Sources */ = {
			isa = PBXSourcesBuildPhase;
			buildActionMask = 2147483647;
			files = (
				41E34CA6202620B3003B4AE7 /* GlobalVariables.swift in Sources */,
				41BE2A0720B9685900D88AC1 /* OptionsViewController.swift in Sources */,
				41E34CA82026210D003B4AE7 /* Structures.swift in Sources */,
				415334EE20B5582500E32967 /* HistoryTableViewCell.swift in Sources */,
				4143E217202583EA008492C8 /* ViewController.swift in Sources */,
				4143E246202586A8008492C8 /* Question.swift in Sources */,
				415334EC20B4C73600E32967 /* HistoryTableViewController.swift in Sources */,
				410F5DB320B7FE1700BCA8B9 /* Database.swift in Sources */,
				4143E215202583EA008492C8 /* AppDelegate.swift in Sources */,
				4143E21D202583EA008492C8 /* Would_You_Rather.xcdatamodeld in Sources */,
				41BE2A0520B9475B00D88AC1 /* MainViewController.swift in Sources */,
			);
			runOnlyForDeploymentPostprocessing = 0;
		};
		4143E224202583EA008492C8 /* Sources */ = {
			isa = PBXSourcesBuildPhase;
			buildActionMask = 2147483647;
			files = (
				4143E22D202583EA008492C8 /* Would_You_RatherTests.swift in Sources */,
			);
			runOnlyForDeploymentPostprocessing = 0;
		};
		4143E22F202583EA008492C8 /* Sources */ = {
			isa = PBXSourcesBuildPhase;
			buildActionMask = 2147483647;
			files = (
				4143E238202583EA008492C8 /* Would_You_RatherUITests.swift in Sources */,
				41273891209FCBEF00E097EF /* SnapshotHelper.swift in Sources */,
			);
			runOnlyForDeploymentPostprocessing = 0;
		};
/* End PBXSourcesBuildPhase section */

/* Begin PBXTargetDependency section */
		4143E22A202583EA008492C8 /* PBXTargetDependency */ = {
			isa = PBXTargetDependency;
			target = 4143E210202583EA008492C8 /* Would You Rather */;
			targetProxy = 4143E229202583EA008492C8 /* PBXContainerItemProxy */;
		};
		4143E235202583EA008492C8 /* PBXTargetDependency */ = {
			isa = PBXTargetDependency;
			target = 4143E210202583EA008492C8 /* Would You Rather */;
			targetProxy = 4143E234202583EA008492C8 /* PBXContainerItemProxy */;
		};
/* End PBXTargetDependency section */

/* Begin PBXVariantGroup section */
		4143E218202583EA008492C8 /* Main.storyboard */ = {
			isa = PBXVariantGroup;
			children = (
				4143E219202583EA008492C8 /* Base */,
			);
			name = Main.storyboard;
			sourceTree = "<group>";
		};
		4143E220202583EA008492C8 /* LaunchScreen.storyboard */ = {
			isa = PBXVariantGroup;
			children = (
				4143E221202583EA008492C8 /* Base */,
			);
			name = LaunchScreen.storyboard;
			sourceTree = "<group>";
		};
/* End PBXVariantGroup section */

/* Begin XCBuildConfiguration section */
		4143E23A202583EA008492C8 /* Debug */ = {
			isa = XCBuildConfiguration;
			buildSettings = {
				ALWAYS_SEARCH_USER_PATHS = NO;
				CLANG_ANALYZER_NONNULL = YES;
				CLANG_ANALYZER_NUMBER_OBJECT_CONVERSION = YES_AGGRESSIVE;
				CLANG_CXX_LANGUAGE_STANDARD = "gnu++14";
				CLANG_CXX_LIBRARY = "libc++";
				CLANG_ENABLE_MODULES = YES;
				CLANG_ENABLE_OBJC_ARC = YES;
				CLANG_WARN_BLOCK_CAPTURE_AUTORELEASING = YES;
				CLANG_WARN_BOOL_CONVERSION = YES;
				CLANG_WARN_COMMA = YES;
				CLANG_WARN_CONSTANT_CONVERSION = YES;
				CLANG_WARN_DIRECT_OBJC_ISA_USAGE = YES_ERROR;
				CLANG_WARN_DOCUMENTATION_COMMENTS = YES;
				CLANG_WARN_EMPTY_BODY = YES;
				CLANG_WARN_ENUM_CONVERSION = YES;
				CLANG_WARN_INFINITE_RECURSION = YES;
				CLANG_WARN_INT_CONVERSION = YES;
				CLANG_WARN_NON_LITERAL_NULL_CONVERSION = YES;
				CLANG_WARN_OBJC_LITERAL_CONVERSION = YES;
				CLANG_WARN_OBJC_ROOT_CLASS = YES_ERROR;
				CLANG_WARN_RANGE_LOOP_ANALYSIS = YES;
				CLANG_WARN_STRICT_PROTOTYPES = YES;
				CLANG_WARN_SUSPICIOUS_MOVE = YES;
				CLANG_WARN_UNGUARDED_AVAILABILITY = YES_AGGRESSIVE;
				CLANG_WARN_UNREACHABLE_CODE = YES;
				CLANG_WARN__DUPLICATE_METHOD_MATCH = YES;
				CODE_SIGN_IDENTITY = "iPhone Developer";
				COPY_PHASE_STRIP = NO;
				DEBUG_INFORMATION_FORMAT = "dwarf-with-dsym";
				DEVELOPMENT_TEAM = ZJWNZ643CG;
				ENABLE_STRICT_OBJC_MSGSEND = YES;
				ENABLE_TESTABILITY = YES;
				GCC_C_LANGUAGE_STANDARD = gnu11;
				GCC_DYNAMIC_NO_PIC = NO;
				GCC_NO_COMMON_BLOCKS = YES;
				GCC_OPTIMIZATION_LEVEL = 0;
				GCC_PREPROCESSOR_DEFINITIONS = (
					"DEBUG=1",
					"$(inherited)",
				);
				GCC_WARN_64_TO_32_BIT_CONVERSION = YES;
				GCC_WARN_ABOUT_RETURN_TYPE = YES_ERROR;
				GCC_WARN_UNDECLARED_SELECTOR = YES;
				GCC_WARN_UNINITIALIZED_AUTOS = YES_AGGRESSIVE;
				GCC_WARN_UNUSED_FUNCTION = YES;
				GCC_WARN_UNUSED_VARIABLE = YES;
				IPHONEOS_DEPLOYMENT_TARGET = 11.0;
				MTL_ENABLE_DEBUG_INFO = YES;
				ONLY_ACTIVE_ARCH = YES;
				PROVISIONING_PROFILE = "";
				SDKROOT = iphoneos;
				SWIFT_ACTIVE_COMPILATION_CONDITIONS = DEBUG;
				SWIFT_OPTIMIZATION_LEVEL = "-Onone";
			};
			name = Debug;
		};
		4143E23B202583EA008492C8 /* Release */ = {
			isa = XCBuildConfiguration;
			buildSettings = {
				ALWAYS_SEARCH_USER_PATHS = NO;
				CLANG_ANALYZER_NONNULL = YES;
				CLANG_ANALYZER_NUMBER_OBJECT_CONVERSION = YES_AGGRESSIVE;
				CLANG_CXX_LANGUAGE_STANDARD = "gnu++14";
				CLANG_CXX_LIBRARY = "libc++";
				CLANG_ENABLE_MODULES = YES;
				CLANG_ENABLE_OBJC_ARC = YES;
				CLANG_WARN_BLOCK_CAPTURE_AUTORELEASING = YES;
				CLANG_WARN_BOOL_CONVERSION = YES;
				CLANG_WARN_COMMA = YES;
				CLANG_WARN_CONSTANT_CONVERSION = YES;
				CLANG_WARN_DIRECT_OBJC_ISA_USAGE = YES_ERROR;
				CLANG_WARN_DOCUMENTATION_COMMENTS = YES;
				CLANG_WARN_EMPTY_BODY = YES;
				CLANG_WARN_ENUM_CONVERSION = YES;
				CLANG_WARN_INFINITE_RECURSION = YES;
				CLANG_WARN_INT_CONVERSION = YES;
				CLANG_WARN_NON_LITERAL_NULL_CONVERSION = YES;
				CLANG_WARN_OBJC_LITERAL_CONVERSION = YES;
				CLANG_WARN_OBJC_ROOT_CLASS = YES_ERROR;
				CLANG_WARN_RANGE_LOOP_ANALYSIS = YES;
				CLANG_WARN_STRICT_PROTOTYPES = YES;
				CLANG_WARN_SUSPICIOUS_MOVE = YES;
				CLANG_WARN_UNGUARDED_AVAILABILITY = YES_AGGRESSIVE;
				CLANG_WARN_UNREACHABLE_CODE = YES;
				CLANG_WARN__DUPLICATE_METHOD_MATCH = YES;
				CODE_SIGN_IDENTITY = "iPhone Developer";
				COPY_PHASE_STRIP = NO;
				DEBUG_INFORMATION_FORMAT = "dwarf-with-dsym";
				DEVELOPMENT_TEAM = ZJWNZ643CG;
				ENABLE_NS_ASSERTIONS = NO;
				ENABLE_STRICT_OBJC_MSGSEND = YES;
				GCC_C_LANGUAGE_STANDARD = gnu11;
				GCC_NO_COMMON_BLOCKS = YES;
				GCC_WARN_64_TO_32_BIT_CONVERSION = YES;
				GCC_WARN_ABOUT_RETURN_TYPE = YES_ERROR;
				GCC_WARN_UNDECLARED_SELECTOR = YES;
				GCC_WARN_UNINITIALIZED_AUTOS = YES_AGGRESSIVE;
				GCC_WARN_UNUSED_FUNCTION = YES;
				GCC_WARN_UNUSED_VARIABLE = YES;
				IPHONEOS_DEPLOYMENT_TARGET = 11.0;
				MTL_ENABLE_DEBUG_INFO = NO;
				PROVISIONING_PROFILE = "";
				SDKROOT = iphoneos;
				SWIFT_OPTIMIZATION_LEVEL = "-Owholemodule";
				VALIDATE_PRODUCT = YES;
			};
			name = Release;
		};
		4143E23D202583EA008492C8 /* Debug */ = {
			isa = XCBuildConfiguration;
			baseConfigurationReference = 4E7F8EA5A485476F1A913ADD /* Pods-Would You Rather.debug.xcconfig */;
			buildSettings = {
				ASSETCATALOG_COMPILER_APPICON_NAME = AppIcon;
				ASSETCATALOG_COMPILER_LAUNCHIMAGE_NAME = LaunchImage;
				CODE_SIGN_IDENTITY = "iPhone Developer";
				CODE_SIGN_STYLE = Automatic;
				DEBUG_INFORMATION_FORMAT = "dwarf-with-dsym";
				DEVELOPMENT_TEAM = ZJWNZ643CG;
				INFOPLIST_FILE = "$(SRCROOT)/Would You Rather/Support/Info.plist";
				LD_RUNPATH_SEARCH_PATHS = "$(inherited) @executable_path/Frameworks";
				PRODUCT_BUNDLE_IDENTIFIER = "com.BangBangStudios.Would-You-Rather";
				PRODUCT_NAME = "$(TARGET_NAME)";
				PROVISIONING_PROFILE = "";
				PROVISIONING_PROFILE_SPECIFIER = "";
				SWIFT_OPTIMIZATION_LEVEL = "-Onone";
				SWIFT_VERSION = 4.0;
				TARGETED_DEVICE_FAMILY = "1,2";
				VERSIONING_SYSTEM = "apple-generic";
			};
			name = Debug;
		};
		4143E23E202583EA008492C8 /* Release */ = {
			isa = XCBuildConfiguration;
			baseConfigurationReference = 933A220340772872BCAC5C5D /* Pods-Would You Rather.release.xcconfig */;
			buildSettings = {
				ASSETCATALOG_COMPILER_APPICON_NAME = AppIcon;
				ASSETCATALOG_COMPILER_LAUNCHIMAGE_NAME = LaunchImage;
				CODE_SIGN_IDENTITY = "iPhone Developer";
				CODE_SIGN_STYLE = Automatic;
				DEBUG_INFORMATION_FORMAT = "dwarf-with-dsym";
				DEVELOPMENT_TEAM = ZJWNZ643CG;
				INFOPLIST_FILE = "$(SRCROOT)/Would You Rather/Support/Info.plist";
				LD_RUNPATH_SEARCH_PATHS = "$(inherited) @executable_path/Frameworks";
				PRODUCT_BUNDLE_IDENTIFIER = "com.BangBangStudios.Would-You-Rather";
				PRODUCT_NAME = "$(TARGET_NAME)";
				PROVISIONING_PROFILE = "";
				PROVISIONING_PROFILE_SPECIFIER = "";
				SWIFT_OPTIMIZATION_LEVEL = "-O";
				SWIFT_VERSION = 4.0;
				TARGETED_DEVICE_FAMILY = "1,2";
				VERSIONING_SYSTEM = "apple-generic";
			};
			name = Release;
		};
		4143E240202583EA008492C8 /* Debug */ = {
			isa = XCBuildConfiguration;
			baseConfigurationReference = 13341EC1AB55EA2F7BC55DCF /* Pods-Would You RatherTests.debug.xcconfig */;
			buildSettings = {
				ALWAYS_EMBED_SWIFT_STANDARD_LIBRARIES = YES;
				BUNDLE_LOADER = "$(TEST_HOST)";
				CODE_SIGN_STYLE = Automatic;
				DEVELOPMENT_TEAM = ZJWNZ643CG;
				INFOPLIST_FILE = "Would You RatherTests/Info.plist";
				LD_RUNPATH_SEARCH_PATHS = "$(inherited) @executable_path/Frameworks @loader_path/Frameworks";
				PRODUCT_BUNDLE_IDENTIFIER = "com.BangBangStudios.Would-You-RatherTests";
				PRODUCT_NAME = "$(TARGET_NAME)";
				SWIFT_VERSION = 4.0;
				TARGETED_DEVICE_FAMILY = "1,2";
				TEST_HOST = "$(BUILT_PRODUCTS_DIR)/Would You Rather.app/Would You Rather";
			};
			name = Debug;
		};
		4143E241202583EA008492C8 /* Release */ = {
			isa = XCBuildConfiguration;
			baseConfigurationReference = 20ABB50F0B6CD202B4C4545D /* Pods-Would You RatherTests.release.xcconfig */;
			buildSettings = {
				ALWAYS_EMBED_SWIFT_STANDARD_LIBRARIES = YES;
				BUNDLE_LOADER = "$(TEST_HOST)";
				CODE_SIGN_STYLE = Automatic;
				DEVELOPMENT_TEAM = ZJWNZ643CG;
				INFOPLIST_FILE = "Would You RatherTests/Info.plist";
				LD_RUNPATH_SEARCH_PATHS = "$(inherited) @executable_path/Frameworks @loader_path/Frameworks";
				PRODUCT_BUNDLE_IDENTIFIER = "com.BangBangStudios.Would-You-RatherTests";
				PRODUCT_NAME = "$(TARGET_NAME)";
				SWIFT_VERSION = 4.0;
				TARGETED_DEVICE_FAMILY = "1,2";
				TEST_HOST = "$(BUILT_PRODUCTS_DIR)/Would You Rather.app/Would You Rather";
			};
			name = Release;
		};
		4143E243202583EA008492C8 /* Debug */ = {
			isa = XCBuildConfiguration;
			baseConfigurationReference = 9446AA8347CDF4FA6D860450 /* Pods-Would You RatherUITests.debug.xcconfig */;
			buildSettings = {
				ALWAYS_EMBED_SWIFT_STANDARD_LIBRARIES = YES;
				CODE_SIGN_STYLE = Automatic;
				DEVELOPMENT_TEAM = ZJWNZ643CG;
				INFOPLIST_FILE = "Would You RatherUITests/Info.plist";
				LD_RUNPATH_SEARCH_PATHS = "$(inherited) @executable_path/Frameworks @loader_path/Frameworks";
				PRODUCT_BUNDLE_IDENTIFIER = "com.BangBangStudios.Would-You-RatherUITests";
				PRODUCT_NAME = "$(TARGET_NAME)";
				SWIFT_VERSION = 4.0;
				TARGETED_DEVICE_FAMILY = "1,2";
				TEST_TARGET_NAME = "Would You Rather";
			};
			name = Debug;
		};
		4143E244202583EA008492C8 /* Release */ = {
			isa = XCBuildConfiguration;
			baseConfigurationReference = 33BCABA85E87A3712EF74723 /* Pods-Would You RatherUITests.release.xcconfig */;
			buildSettings = {
				ALWAYS_EMBED_SWIFT_STANDARD_LIBRARIES = YES;
				CODE_SIGN_STYLE = Automatic;
				DEVELOPMENT_TEAM = ZJWNZ643CG;
				INFOPLIST_FILE = "Would You RatherUITests/Info.plist";
				LD_RUNPATH_SEARCH_PATHS = "$(inherited) @executable_path/Frameworks @loader_path/Frameworks";
				PRODUCT_BUNDLE_IDENTIFIER = "com.BangBangStudios.Would-You-RatherUITests";
				PRODUCT_NAME = "$(TARGET_NAME)";
				SWIFT_VERSION = 4.0;
				TARGETED_DEVICE_FAMILY = "1,2";
				TEST_TARGET_NAME = "Would You Rather";
			};
			name = Release;
		};
/* End XCBuildConfiguration section */

/* Begin XCConfigurationList section */
		4143E20C202583EA008492C8 /* Build configuration list for PBXProject "Would You Rather" */ = {
			isa = XCConfigurationList;
			buildConfigurations = (
				4143E23A202583EA008492C8 /* Debug */,
				4143E23B202583EA008492C8 /* Release */,
			);
			defaultConfigurationIsVisible = 0;
			defaultConfigurationName = Debug;
		};
		4143E23C202583EA008492C8 /* Build configuration list for PBXNativeTarget "Would You Rather" */ = {
			isa = XCConfigurationList;
			buildConfigurations = (
				4143E23D202583EA008492C8 /* Debug */,
				4143E23E202583EA008492C8 /* Release */,
			);
			defaultConfigurationIsVisible = 0;
			defaultConfigurationName = Debug;
		};
		4143E23F202583EA008492C8 /* Build configuration list for PBXNativeTarget "Would You RatherTests" */ = {
			isa = XCConfigurationList;
			buildConfigurations = (
				4143E240202583EA008492C8 /* Debug */,
				4143E241202583EA008492C8 /* Release */,
			);
			defaultConfigurationIsVisible = 0;
			defaultConfigurationName = Debug;
		};
		4143E242202583EA008492C8 /* Build configuration list for PBXNativeTarget "Would You RatherUITests" */ = {
			isa = XCConfigurationList;
			buildConfigurations = (
				4143E243202583EA008492C8 /* Debug */,
				4143E244202583EA008492C8 /* Release */,
			);
			defaultConfigurationIsVisible = 0;
			defaultConfigurationName = Debug;
		};
/* End XCConfigurationList section */

/* Begin XCVersionGroup section */
		4143E21B202583EA008492C8 /* Would_You_Rather.xcdatamodeld */ = {
			isa = XCVersionGroup;
			children = (
				4143E21C202583EA008492C8 /* Would_You_Rather.xcdatamodel */,
			);
			currentVersion = 4143E21C202583EA008492C8 /* Would_You_Rather.xcdatamodel */;
			path = Would_You_Rather.xcdatamodeld;
			sourceTree = "<group>";
			versionGroupType = wrapper.xcdatamodel;
		};
/* End XCVersionGroup section */
	};
	rootObject = 4143E209202583EA008492C8 /* Project object */;
}
